{
  "pins" : [
    {
      "identity" : "glassfy-ios-sdk",
      "kind" : "remoteSourceControl",
      "location" : "https://github.com/gewill/glassfy-ios-sdk.git",
      "state" : {
        "branch" : "master",
        "revision" : "8e3e61a25ece70031b37f7bbeb17889ee40b82f0"
      }
    },
    {
      "identity" : "swiftuioverlaycontainer",
      "kind" : "remoteSourceControl",
      "location" : "https://github.com/fatbobman/SwiftUIOverlayContainer.git",
      "state" : {
        "revision" : "d9ff87b16eb8743326dc0a3e901e15a82ed46530",
        "version" : "2.3.3"
      }
    },
    {
      "identity" : "swiftyjson",
      "kind" : "remoteSourceControl",
      "location" : "https://github.com/SwiftyJSON/SwiftyJSON.git",
      "state" : {
        "revision" : "b3dcd7dbd0d488e1a7077cb33b00f2083e382f07",
        "version" : "5.0.1"
      }
    }
  ],
  "version" : 2
}
