{
  "originHash" : "767144bb86d87119fe127f98fb6908b64e9c04afe8e77a28e487389333362d88",
  "pins" : [
    {
      "identity" : "colorfulx",
      "kind" : "remoteSourceControl",
      "location" : "https://github.com/Lakr233/ColorfulX",
      "state" : {
        "revision" : "2f877abb865dcd28a7a13551b7a05fae89f7ed84",
        "version" : "5.5.1"
      }
    },
    {
      "identity" : "colorvector",
      "kind" : "remoteSourceControl",
      "location" : "https://github.com/Lakr233/ColorVector.git",
      "state" : {
        "revision" : "031ce6ce65c0b347fb192302aa8ec4a17cc1494f",
        "version" : "1.0.3"
      }
    },
    {
      "identity" : "msdisplaylink",
      "kind" : "remoteSourceControl",
      "location" : "https://github.com/Lakr233/MSDisplayLink.git",
      "state" : {
        "revision" : "89e224c797de6d2ec6552a568f62ef9ba016def0",
        "version" : "1.1.0"
      }
    },
    {
      "identity" : "purchases-ios-spm",
      "kind" : "remoteSourceControl",
      "location" : "https://github.com/RevenueCat/purchases-ios-spm.git",
      "state" : {
        "revision" : "dab15ad6125f78c79f7397e7c9af8f5be00c0ad6",
        "version" : "5.3.4"
      }
    },
    {
      "identity" : "springinterpolation",
      "kind" : "remoteSourceControl",
      "location" : "https://github.com/Lakr233/SpringInterpolation.git",
      "state" : {
        "revision" : "ff526fec3ef6df62395141a0cc55a4ba2d82ee81",
        "version" : "1.2.2"
      }
    },
    {
      "identity" : "swiftuioverlaycontainer",
      "kind" : "remoteSourceControl",
      "location" : "https://github.com/fatbobman/SwiftUIOverlayContainer.git",
      "state" : {
        "revision" : "d9ff87b16eb8743326dc0a3e901e15a82ed46530",
        "version" : "2.3.3"
      }
    },
    {
      "identity" : "swiftyjson",
      "kind" : "remoteSourceControl",
      "location" : "https://github.com/SwiftyJSON/SwiftyJSON.git",
      "state" : {
        "revision" : "b3dcd7dbd0d488e1a7077cb33b00f2083e382f07",
        "version" : "5.0.1"
      }
    }
  ],
  "version" : 3
}
