// !$*UTF8*$!
{
	archiveVersion = 1;
	classes = {
	};
	objectVersion = 56;
	objects = {

/* Begin PBXBuildFile section */
		BE1E567B2A8E718A0095E568 /* JColorsApp.swift in Sources */ = {isa = PBXBuildFile; fileRef = BE1E567A2A8E718A0095E568 /* JColorsApp.swift */; };
		BE1E567D2A8E718A0095E568 /* ContentView.swift in Sources */ = {isa = PBXBuildFile; fileRef = BE1E567C2A8E718A0095E568 /* ContentView.swift */; };
		BE1E567F2A8E718B0095E568 /* Assets.xcassets in Resources */ = {isa = PBXBuildFile; fileRef = BE1E567E2A8E718B0095E568 /* Assets.xcassets */; };
		BE1E56832A8E718B0095E568 /* Preview Assets.xcassets in Resources */ = {isa = PBXBuildFile; fileRef = BE1E56822A8E718B0095E568 /* Preview Assets.xcassets */; };
		BE27067F2A9341CB00C2A180 /* Glassfy in Frameworks */ = {isa = PBXBuildFile; productRef = BE27067E2A9341CB00C2A180 /* Glassfy */; };
		BE51B1B92A93422600C6A3A5 /* IAPManager.swift in Sources */ = {isa = PBXBuildFile; fileRef = BE51B1B82A93422600C6A3A5 /* IAPManager.swift */; };
		BE51B1BB2A9342EF00C6A3A5 /* ProView.swift in Sources */ = {isa = PBXBuildFile; fileRef = BE51B1BA2A9342EF00C6A3A5 /* ProView.swift */; };
		BE51B1BD2A93431600C6A3A5 /* SwiftyUserDefaults.swift in Sources */ = {isa = PBXBuildFile; fileRef = BE51B1BC2A93431600C6A3A5 /* SwiftyUserDefaults.swift */; };
		BE51B1BF2A9343EC00C6A3A5 /* SKProductExtensions.swift in Sources */ = {isa = PBXBuildFile; fileRef = BE51B1BE2A9343EC00C6A3A5 /* SKProductExtensions.swift */; };
		BE51B1C12A93442900C6A3A5 /* CardReflectionView.swift in Sources */ = {isa = PBXBuildFile; fileRef = BE51B1C02A93442900C6A3A5 /* CardReflectionView.swift */; };
		BE51B1C42A93446000C6A3A5 /* LoadingView.swift in Sources */ = {isa = PBXBuildFile; fileRef = BE51B1C32A93446000C6A3A5 /* LoadingView.swift */; };
		BE51B1C62A93676A00C6A3A5 /* Styles.swift in Sources */ = {isa = PBXBuildFile; fileRef = BE51B1C52A93676A00C6A3A5 /* Styles.swift */; };
		BE64CC0F2A90D051004FD3C8 /* 6.json in Resources */ = {isa = PBXBuildFile; fileRef = BE64CBF72A90D051004FD3C8 /* 6.json */; };
		BE64CC102A90D051004FD3C8 /* 7.json in Resources */ = {isa = PBXBuildFile; fileRef = BE64CBF82A90D051004FD3C8 /* 7.json */; };
		BE64CC112A90D051004FD3C8 /* 10.json in Resources */ = {isa = PBXBuildFile; fileRef = BE64CBF92A90D051004FD3C8 /* 10.json */; };
		BE64CC122A90D051004FD3C8 /* 1.json in Resources */ = {isa = PBXBuildFile; fileRef = BE64CBFA2A90D051004FD3C8 /* 1.json */; };
		BE64CC132A90D051004FD3C8 /* 11.json in Resources */ = {isa = PBXBuildFile; fileRef = BE64CBFB2A90D051004FD3C8 /* 11.json */; };
		BE64CC142A90D051004FD3C8 /* 2.json in Resources */ = {isa = PBXBuildFile; fileRef = BE64CBFC2A90D051004FD3C8 /* 2.json */; };
		BE64CC152A90D051004FD3C8 /* 12.json in Resources */ = {isa = PBXBuildFile; fileRef = BE64CBFD2A90D051004FD3C8 /* 12.json */; };
		BE64CC162A90D051004FD3C8 /* 3.json in Resources */ = {isa = PBXBuildFile; fileRef = BE64CBFE2A90D051004FD3C8 /* 3.json */; };
		BE64CC172A90D051004FD3C8 /* 8.json in Resources */ = {isa = PBXBuildFile; fileRef = BE64CBFF2A90D051004FD3C8 /* 8.json */; };
		BE64CC182A90D051004FD3C8 /* 4.json in Resources */ = {isa = PBXBuildFile; fileRef = BE64CC002A90D051004FD3C8 /* 4.json */; };
		BE64CC192A90D051004FD3C8 /* 5.json in Resources */ = {isa = PBXBuildFile; fileRef = BE64CC012A90D051004FD3C8 /* 5.json */; };
		BE64CC1A2A90D051004FD3C8 /* 9.json in Resources */ = {isa = PBXBuildFile; fileRef = BE64CC022A90D051004FD3C8 /* 9.json */; };
		BE64CC1B2A90D051004FD3C8 /* purple.json in Resources */ = {isa = PBXBuildFile; fileRef = BE64CC042A90D051004FD3C8 /* purple.json */; };
		BE64CC1C2A90D051004FD3C8 /* black.json in Resources */ = {isa = PBXBuildFile; fileRef = BE64CC052A90D051004FD3C8 /* black.json */; };
		BE64CC1D2A90D051004FD3C8 /* red.json in Resources */ = {isa = PBXBuildFile; fileRef = BE64CC062A90D051004FD3C8 /* red.json */; };
		BE64CC1E2A90D051004FD3C8 /* orange.json in Resources */ = {isa = PBXBuildFile; fileRef = BE64CC072A90D051004FD3C8 /* orange.json */; };
		BE64CC1F2A90D051004FD3C8 /* green.json in Resources */ = {isa = PBXBuildFile; fileRef = BE64CC082A90D051004FD3C8 /* green.json */; };
		BE64CC202A90D051004FD3C8 /* brown.json in Resources */ = {isa = PBXBuildFile; fileRef = BE64CC092A90D051004FD3C8 /* brown.json */; };
		BE64CC212A90D051004FD3C8 /* blue.json in Resources */ = {isa = PBXBuildFile; fileRef = BE64CC0A2A90D051004FD3C8 /* blue.json */; };
		BE64CC222A90D051004FD3C8 /* yellow.json in Resources */ = {isa = PBXBuildFile; fileRef = BE64CC0B2A90D051004FD3C8 /* yellow.json */; };
		BE64CC232A90D051004FD3C8 /* white.json in Resources */ = {isa = PBXBuildFile; fileRef = BE64CC0C2A90D051004FD3C8 /* white.json */; };
		BE64CC242A90D051004FD3C8 /* pink.json in Resources */ = {isa = PBXBuildFile; fileRef = BE64CC0D2A90D051004FD3C8 /* pink.json */; };
		BE64CC252A90D051004FD3C8 /* gray.json in Resources */ = {isa = PBXBuildFile; fileRef = BE64CC0E2A90D051004FD3C8 /* gray.json */; };
		BE9E5D002A8E855A0003D53D /* ColorExtensions.swift in Sources */ = {isa = PBXBuildFile; fileRef = BE9E5CFF2A8E855A0003D53D /* ColorExtensions.swift */; };
		BE9E5D022A8E9EA50003D53D /* Constants.swift in Sources */ = {isa = PBXBuildFile; fileRef = BE9E5D012A8E9EA40003D53D /* Constants.swift */; };
		BEA4AFF32A9066A6004FD8F5 /* StringExtensions.swift in Sources */ = {isa = PBXBuildFile; fileRef = BEA4AFF22A9066A6004FD8F5 /* StringExtensions.swift */; };
		BEA4AFF82A906718004FD8F5 /* CategoryType.swift in Sources */ = {isa = PBXBuildFile; fileRef = BEA4AFF72A906718004FD8F5 /* CategoryType.swift */; };
		BEA4AFFB2A90674C004FD8F5 /* Localizable.strings in Resources */ = {isa = PBXBuildFile; fileRef = BEA4AFFD2A90674C004FD8F5 /* Localizable.strings */; };
		BEA4AFFF2A907B0D004FD8F5 /* ColorCard.swift in Sources */ = {isa = PBXBuildFile; fileRef = BEA4AFFE2A907B0D004FD8F5 /* ColorCard.swift */; };
		BEE65FD92A8E7FE70039B287 /* ColorModel.swift in Sources */ = {isa = PBXBuildFile; fileRef = BEE65FD82A8E7FE70039B287 /* ColorModel.swift */; };
		BEEE07432A9302BC00354879 /* DateExtensions.swift in Sources */ = {isa = PBXBuildFile; fileRef = BEEE07422A9302BC00354879 /* DateExtensions.swift */; };
		BEEE07462A9325C900354879 /* SwiftyJSON in Frameworks */ = {isa = PBXBuildFile; productRef = BEEE07452A9325C900354879 /* SwiftyJSON */; };
		BEEE07492A93261000354879 /* SwiftUIOverlayContainer in Frameworks */ = {isa = PBXBuildFile; productRef = BEEE07482A93261000354879 /* SwiftUIOverlayContainer */; };
		BEEE074B2A93264400354879 /* ContainerConfigurationForQueueMessage.swift in Sources */ = {isa = PBXBuildFile; fileRef = BEEE074A2A93264400354879 /* ContainerConfigurationForQueueMessage.swift */; };
		BEEE074D2A93264F00354879 /* MessageView.swift in Sources */ = {isa = PBXBuildFile; fileRef = BEEE074C2A93264F00354879 /* MessageView.swift */; };
		BEFC5F122A8FC5E4004A2F1D /* ViewExtensions.swift in Sources */ = {isa = PBXBuildFile; fileRef = BEFC5F112A8FC5E4004A2F1D /* ViewExtensions.swift */; };
		BEFC5F142A8FC9EF004A2F1D /* ButtonStyle.swift in Sources */ = {isa = PBXBuildFile; fileRef = BEFC5F132A8FC9EF004A2F1D /* ButtonStyle.swift */; };
/* End PBXBuildFile section */

/* Begin PBXFileReference section */
		BE1E56772A8E718A0095E568 /* JColors.app */ = {isa = PBXFileReference; explicitFileType = wrapper.application; includeInIndex = 0; path = JColors.app; sourceTree = BUILT_PRODUCTS_DIR; };
		BE1E567A2A8E718A0095E568 /* JColorsApp.swift */ = {isa = PBXFileReference; lastKnownFileType = sourcecode.swift; path = JColorsApp.swift; sourceTree = "<group>"; };
		BE1E567C2A8E718A0095E568 /* ContentView.swift */ = {isa = PBXFileReference; lastKnownFileType = sourcecode.swift; path = ContentView.swift; sourceTree = "<group>"; };
		BE1E567E2A8E718B0095E568 /* Assets.xcassets */ = {isa = PBXFileReference; lastKnownFileType = folder.assetcatalog; path = Assets.xcassets; sourceTree = "<group>"; };
		BE1E56802A8E718B0095E568 /* JColors.entitlements */ = {isa = PBXFileReference; lastKnownFileType = text.plist.entitlements; path = JColors.entitlements; sourceTree = "<group>"; };
		BE1E56822A8E718B0095E568 /* Preview Assets.xcassets */ = {isa = PBXFileReference; lastKnownFileType = folder.assetcatalog; path = "Preview Assets.xcassets"; sourceTree = "<group>"; };
		BE51B1B82A93422600C6A3A5 /* IAPManager.swift */ = {isa = PBXFileReference; fileEncoding = 4; lastKnownFileType = sourcecode.swift; path = IAPManager.swift; sourceTree = "<group>"; };
		BE51B1BA2A9342EF00C6A3A5 /* ProView.swift */ = {isa = PBXFileReference; fileEncoding = 4; lastKnownFileType = sourcecode.swift; path = ProView.swift; sourceTree = "<group>"; };
		BE51B1BC2A93431600C6A3A5 /* SwiftyUserDefaults.swift */ = {isa = PBXFileReference; fileEncoding = 4; lastKnownFileType = sourcecode.swift; path = SwiftyUserDefaults.swift; sourceTree = "<group>"; };
		BE51B1BE2A9343EC00C6A3A5 /* SKProductExtensions.swift */ = {isa = PBXFileReference; fileEncoding = 4; lastKnownFileType = sourcecode.swift; path = SKProductExtensions.swift; sourceTree = "<group>"; };
		BE51B1C02A93442900C6A3A5 /* CardReflectionView.swift */ = {isa = PBXFileReference; fileEncoding = 4; lastKnownFileType = sourcecode.swift; path = CardReflectionView.swift; sourceTree = "<group>"; };
		BE51B1C32A93446000C6A3A5 /* LoadingView.swift */ = {isa = PBXFileReference; fileEncoding = 4; lastKnownFileType = sourcecode.swift; path = LoadingView.swift; sourceTree = "<group>"; };
		BE51B1C52A93676A00C6A3A5 /* Styles.swift */ = {isa = PBXFileReference; fileEncoding = 4; lastKnownFileType = sourcecode.swift; path = Styles.swift; sourceTree = "<group>"; };
		BE64CBF72A90D051004FD3C8 /* 6.json */ = {isa = PBXFileReference; fileEncoding = 4; lastKnownFileType = text.json; path = 6.json; sourceTree = "<group>"; };
		BE64CBF82A90D051004FD3C8 /* 7.json */ = {isa = PBXFileReference; fileEncoding = 4; lastKnownFileType = text.json; path = 7.json; sourceTree = "<group>"; };
		BE64CBF92A90D051004FD3C8 /* 10.json */ = {isa = PBXFileReference; fileEncoding = 4; lastKnownFileType = text.json; path = 10.json; sourceTree = "<group>"; };
		BE64CBFA2A90D051004FD3C8 /* 1.json */ = {isa = PBXFileReference; fileEncoding = 4; lastKnownFileType = text.json; path = 1.json; sourceTree = "<group>"; };
		BE64CBFB2A90D051004FD3C8 /* 11.json */ = {isa = PBXFileReference; fileEncoding = 4; lastKnownFileType = text.json; path = 11.json; sourceTree = "<group>"; };
		BE64CBFC2A90D051004FD3C8 /* 2.json */ = {isa = PBXFileReference; fileEncoding = 4; lastKnownFileType = text.json; path = 2.json; sourceTree = "<group>"; };
		BE64CBFD2A90D051004FD3C8 /* 12.json */ = {isa = PBXFileReference; fileEncoding = 4; lastKnownFileType = text.json; path = 12.json; sourceTree = "<group>"; };
		BE64CBFE2A90D051004FD3C8 /* 3.json */ = {isa = PBXFileReference; fileEncoding = 4; lastKnownFileType = text.json; path = 3.json; sourceTree = "<group>"; };
		BE64CBFF2A90D051004FD3C8 /* 8.json */ = {isa = PBXFileReference; fileEncoding = 4; lastKnownFileType = text.json; path = 8.json; sourceTree = "<group>"; };
		BE64CC002A90D051004FD3C8 /* 4.json */ = {isa = PBXFileReference; fileEncoding = 4; lastKnownFileType = text.json; path = 4.json; sourceTree = "<group>"; };
		BE64CC012A90D051004FD3C8 /* 5.json */ = {isa = PBXFileReference; fileEncoding = 4; lastKnownFileType = text.json; path = 5.json; sourceTree = "<group>"; };
		BE64CC022A90D051004FD3C8 /* 9.json */ = {isa = PBXFileReference; fileEncoding = 4; lastKnownFileType = text.json; path = 9.json; sourceTree = "<group>"; };
		BE64CC042A90D051004FD3C8 /* purple.json */ = {isa = PBXFileReference; fileEncoding = 4; lastKnownFileType = text.json; path = purple.json; sourceTree = "<group>"; };
		BE64CC052A90D051004FD3C8 /* black.json */ = {isa = PBXFileReference; fileEncoding = 4; lastKnownFileType = text.json; path = black.json; sourceTree = "<group>"; };
		BE64CC062A90D051004FD3C8 /* red.json */ = {isa = PBXFileReference; fileEncoding = 4; lastKnownFileType = text.json; path = red.json; sourceTree = "<group>"; };
		BE64CC072A90D051004FD3C8 /* orange.json */ = {isa = PBXFileReference; fileEncoding = 4; lastKnownFileType = text.json; path = orange.json; sourceTree = "<group>"; };
		BE64CC082A90D051004FD3C8 /* green.json */ = {isa = PBXFileReference; fileEncoding = 4; lastKnownFileType = text.json; path = green.json; sourceTree = "<group>"; };
		BE64CC092A90D051004FD3C8 /* brown.json */ = {isa = PBXFileReference; fileEncoding = 4; lastKnownFileType = text.json; path = brown.json; sourceTree = "<group>"; };
		BE64CC0A2A90D051004FD3C8 /* blue.json */ = {isa = PBXFileReference; fileEncoding = 4; lastKnownFileType = text.json; path = blue.json; sourceTree = "<group>"; };
		BE64CC0B2A90D051004FD3C8 /* yellow.json */ = {isa = PBXFileReference; fileEncoding = 4; lastKnownFileType = text.json; path = yellow.json; sourceTree = "<group>"; };
		BE64CC0C2A90D051004FD3C8 /* white.json */ = {isa = PBXFileReference; fileEncoding = 4; lastKnownFileType = text.json; path = white.json; sourceTree = "<group>"; };
		BE64CC0D2A90D051004FD3C8 /* pink.json */ = {isa = PBXFileReference; fileEncoding = 4; lastKnownFileType = text.json; path = pink.json; sourceTree = "<group>"; };
		BE64CC0E2A90D051004FD3C8 /* gray.json */ = {isa = PBXFileReference; fileEncoding = 4; lastKnownFileType = text.json; path = gray.json; sourceTree = "<group>"; };
		BE9E5CFF2A8E855A0003D53D /* ColorExtensions.swift */ = {isa = PBXFileReference; fileEncoding = 4; lastKnownFileType = sourcecode.swift; path = ColorExtensions.swift; sourceTree = "<group>"; };
		BE9E5D012A8E9EA40003D53D /* Constants.swift */ = {isa = PBXFileReference; fileEncoding = 4; lastKnownFileType = sourcecode.swift; path = Constants.swift; sourceTree = "<group>"; };
		BEA4AFF22A9066A6004FD8F5 /* StringExtensions.swift */ = {isa = PBXFileReference; fileEncoding = 4; lastKnownFileType = sourcecode.swift; path = StringExtensions.swift; sourceTree = "<group>"; };
		BEA4AFF72A906718004FD8F5 /* CategoryType.swift */ = {isa = PBXFileReference; lastKnownFileType = sourcecode.swift; path = CategoryType.swift; sourceTree = "<group>"; };
		BEA4AFFC2A90674C004FD8F5 /* zh-Hans */ = {isa = PBXFileReference; lastKnownFileType = text.plist.strings; name = "zh-Hans"; path = "zh-Hans.lproj/Localizable.strings"; sourceTree = "<group>"; };
		BEA4AFFE2A907B0D004FD8F5 /* ColorCard.swift */ = {isa = PBXFileReference; lastKnownFileType = sourcecode.swift; path = ColorCard.swift; sourceTree = "<group>"; };
		BEE65FD82A8E7FE70039B287 /* ColorModel.swift */ = {isa = PBXFileReference; lastKnownFileType = sourcecode.swift; path = ColorModel.swift; sourceTree = "<group>"; };
		BEEE07422A9302BC00354879 /* DateExtensions.swift */ = {isa = PBXFileReference; fileEncoding = 4; lastKnownFileType = sourcecode.swift; path = DateExtensions.swift; sourceTree = "<group>"; };
		BEEE074A2A93264400354879 /* ContainerConfigurationForQueueMessage.swift */ = {isa = PBXFileReference; fileEncoding = 4; lastKnownFileType = sourcecode.swift; path = ContainerConfigurationForQueueMessage.swift; sourceTree = "<group>"; };
		BEEE074C2A93264F00354879 /* MessageView.swift */ = {isa = PBXFileReference; fileEncoding = 4; lastKnownFileType = sourcecode.swift; path = MessageView.swift; sourceTree = "<group>"; };
		BEFC5F112A8FC5E4004A2F1D /* ViewExtensions.swift */ = {isa = PBXFileReference; lastKnownFileType = sourcecode.swift; path = ViewExtensions.swift; sourceTree = "<group>"; };
		BEFC5F132A8FC9EF004A2F1D /* ButtonStyle.swift */ = {isa = PBXFileReference; lastKnownFileType = sourcecode.swift; path = ButtonStyle.swift; sourceTree = "<group>"; };
		BEFC5F152A8FD1A7004A2F1D /* Info.plist */ = {isa = PBXFileReference; lastKnownFileType = text.plist; path = Info.plist; sourceTree = "<group>"; };
/* End PBXFileReference section */

/* Begin PBXFrameworksBuildPhase section */
		BE1E56742A8E718A0095E568 /* Frameworks */ = {
			isa = PBXFrameworksBuildPhase;
			buildActionMask = 2147483647;
			files = (
				BE27067F2A9341CB00C2A180 /* Glassfy in Frameworks */,
				BEEE07462A9325C900354879 /* SwiftyJSON in Frameworks */,
				BEEE07492A93261000354879 /* SwiftUIOverlayContainer in Frameworks */,
			);
			runOnlyForDeploymentPostprocessing = 0;
		};
/* End PBXFrameworksBuildPhase section */

/* Begin PBXGroup section */
		BE1E566E2A8E718A0095E568 = {
			isa = PBXGroup;
			children = (
				BE1E56792A8E718A0095E568 /* JColors */,
				BE1E56782A8E718A0095E568 /* Products */,
			);
			indentWidth = 2;
			sourceTree = "<group>";
			tabWidth = 2;
		};
		BE1E56782A8E718A0095E568 /* Products */ = {
			isa = PBXGroup;
			children = (
				BE1E56772A8E718A0095E568 /* JColors.app */,
			);
			name = Products;
			sourceTree = "<group>";
		};
		BE1E56792A8E718A0095E568 /* JColors */ = {
			isa = PBXGroup;
			children = (
				BEFC5F152A8FD1A7004A2F1D /* Info.plist */,
				BE1E567A2A8E718A0095E568 /* JColorsApp.swift */,
				BE1E567C2A8E718A0095E568 /* ContentView.swift */,
				BE9E5D012A8E9EA40003D53D /* Constants.swift */,
				BE51B1B82A93422600C6A3A5 /* IAPManager.swift */,
				BE1E567E2A8E718B0095E568 /* Assets.xcassets */,
				BE1E56802A8E718B0095E568 /* JColors.entitlements */,
				BEA4AFFD2A90674C004FD8F5 /* Localizable.strings */,
				BE51B1C22A93442F00C6A3A5 /* Views */,
				BEA4AFF42A9066D4004FD8F5 /* Models */,
				BEA4AFF52A9066DB004FD8F5 /* Extensions */,
				BEA4AFF62A9066EF004FD8F5 /* SwiftUIStyles */,
				BE64CC032A90D051004FD3C8 /* byColor */,
				BE64CBF62A90D051004FD3C8 /* byMonth */,
				BE1E56812A8E718B0095E568 /* Preview Content */,
			);
			path = JColors;
			sourceTree = "<group>";
		};
		BE1E56812A8E718B0095E568 /* Preview Content */ = {
			isa = PBXGroup;
			children = (
				BE1E56822A8E718B0095E568 /* Preview Assets.xcassets */,
			);
			path = "Preview Content";
			sourceTree = "<group>";
		};
		BE51B1C22A93442F00C6A3A5 /* Views */ = {
			isa = PBXGroup;
			children = (
				BEA4AFFE2A907B0D004FD8F5 /* ColorCard.swift */,
				BE51B1BA2A9342EF00C6A3A5 /* ProView.swift */,
				BEEE074C2A93264F00354879 /* MessageView.swift */,
				BE51B1C02A93442900C6A3A5 /* CardReflectionView.swift */,
				BE51B1C32A93446000C6A3A5 /* LoadingView.swift */,
			);
			path = Views;
			sourceTree = "<group>";
		};
		BE64CBF62A90D051004FD3C8 /* byMonth */ = {
			isa = PBXGroup;
			children = (
				BE64CBF72A90D051004FD3C8 /* 6.json */,
				BE64CBF82A90D051004FD3C8 /* 7.json */,
				BE64CBF92A90D051004FD3C8 /* 10.json */,
				BE64CBFA2A90D051004FD3C8 /* 1.json */,
				BE64CBFB2A90D051004FD3C8 /* 11.json */,
				BE64CBFC2A90D051004FD3C8 /* 2.json */,
				BE64CBFD2A90D051004FD3C8 /* 12.json */,
				BE64CBFE2A90D051004FD3C8 /* 3.json */,
				BE64CBFF2A90D051004FD3C8 /* 8.json */,
				BE64CC002A90D051004FD3C8 /* 4.json */,
				BE64CC012A90D051004FD3C8 /* 5.json */,
				BE64CC022A90D051004FD3C8 /* 9.json */,
			);
			name = byMonth;
			path = scripts/byMonth;
			sourceTree = SOURCE_ROOT;
		};
		BE64CC032A90D051004FD3C8 /* byColor */ = {
			isa = PBXGroup;
			children = (
				BE64CC042A90D051004FD3C8 /* purple.json */,
				BE64CC052A90D051004FD3C8 /* black.json */,
				BE64CC062A90D051004FD3C8 /* red.json */,
				BE64CC072A90D051004FD3C8 /* orange.json */,
				BE64CC082A90D051004FD3C8 /* green.json */,
				BE64CC092A90D051004FD3C8 /* brown.json */,
				BE64CC0A2A90D051004FD3C8 /* blue.json */,
				BE64CC0B2A90D051004FD3C8 /* yellow.json */,
				BE64CC0C2A90D051004FD3C8 /* white.json */,
				BE64CC0D2A90D051004FD3C8 /* pink.json */,
				BE64CC0E2A90D051004FD3C8 /* gray.json */,
			);
			name = byColor;
			path = scripts/byColor;
			sourceTree = SOURCE_ROOT;
		};
		BEA4AFF42A9066D4004FD8F5 /* Models */ = {
			isa = PBXGroup;
			children = (
				BEE65FD82A8E7FE70039B287 /* ColorModel.swift */,
				BEA4AFF72A906718004FD8F5 /* CategoryType.swift */,
				BEEE074A2A93264400354879 /* ContainerConfigurationForQueueMessage.swift */,
				BE51B1BC2A93431600C6A3A5 /* SwiftyUserDefaults.swift */,
			);
			path = Models;
			sourceTree = "<group>";
		};
		BEA4AFF52A9066DB004FD8F5 /* Extensions */ = {
			isa = PBXGroup;
			children = (
				BE9E5CFF2A8E855A0003D53D /* ColorExtensions.swift */,
				BEFC5F112A8FC5E4004A2F1D /* ViewExtensions.swift */,
				BEA4AFF22A9066A6004FD8F5 /* StringExtensions.swift */,
				BEEE07422A9302BC00354879 /* DateExtensions.swift */,
				BE51B1BE2A9343EC00C6A3A5 /* SKProductExtensions.swift */,
			);
			path = Extensions;
			sourceTree = "<group>";
		};
		BEA4AFF62A9066EF004FD8F5 /* SwiftUIStyles */ = {
			isa = PBXGroup;
			children = (
				BEFC5F132A8FC9EF004A2F1D /* ButtonStyle.swift */,
				BE51B1C52A93676A00C6A3A5 /* Styles.swift */,
			);
			path = SwiftUIStyles;
			sourceTree = "<group>";
		};
/* End PBXGroup section */

/* Begin PBXNativeTarget section */
		BE1E56762A8E718A0095E568 /* JColors */ = {
			isa = PBXNativeTarget;
			buildConfigurationList = BE1E56862A8E718B0095E568 /* Build configuration list for PBXNativeTarget "JColors" */;
			buildPhases = (
				BE1E56732A8E718A0095E568 /* Sources */,
				BE1E56742A8E718A0095E568 /* Frameworks */,
				BE1E56752A8E718A0095E568 /* Resources */,
			);
			buildRules = (
			);
			dependencies = (
			);
			name = JColors;
			packageProductDependencies = (
				BEEE07452A9325C900354879 /* SwiftyJSON */,
				BEEE07482A93261000354879 /* SwiftUIOverlayContainer */,
				BE27067E2A9341CB00C2A180 /* Glassfy */,
			);
			productName = JColors;
			productReference = BE1E56772A8E718A0095E568 /* JColors.app */;
			productType = "com.apple.product-type.application";
		};
/* End PBXNativeTarget section */

/* Begin PBXProject section */
		BE1E566F2A8E718A0095E568 /* Project object */ = {
			isa = PBXProject;
			attributes = {
				BuildIndependentTargetsInParallel = 1;
				LastSwiftUpdateCheck = 1430;
				LastUpgradeCheck = 1430;
				TargetAttributes = {
					BE1E56762A8E718A0095E568 = {
						CreatedOnToolsVersion = 14.3.1;
					};
				};
			};
			buildConfigurationList = BE1E56722A8E718A0095E568 /* Build configuration list for PBXProject "JColors" */;
			compatibilityVersion = "Xcode 14.0";
			developmentRegion = "zh-Hans";
			hasScannedForEncodings = 0;
			knownRegions = (
				Base,
				"zh-Hans",
			);
			mainGroup = BE1E566E2A8E718A0095E568;
			packageReferences = (
				BEEE07442A9325C900354879 /* XCRemoteSwiftPackageReference "SwiftyJSON" */,
				BEEE07472A93261000354879 /* XCRemoteSwiftPackageReference "SwiftUIOverlayContainer" */,
				BE27067D2A9341CB00C2A180 /* XCRemoteSwiftPackageReference "glassfy-ios-sdk" */,
			);
			productRefGroup = BE1E56782A8E718A0095E568 /* Products */;
			projectDirPath = "";
			projectRoot = "";
			targets = (
				BE1E56762A8E718A0095E568 /* JColors */,
			);
		};
/* End PBXProject section */

/* Begin PBXResourcesBuildPhase section */
		BE1E56752A8E718A0095E568 /* Resources */ = {
			isa = PBXResourcesBuildPhase;
			buildActionMask = 2147483647;
			files = (
				BE64CC1A2A90D051004FD3C8 /* 9.json in Resources */,
				BE64CC182A90D051004FD3C8 /* 4.json in Resources */,
				BE64CC192A90D051004FD3C8 /* 5.json in Resources */,
				BE64CC112A90D051004FD3C8 /* 10.json in Resources */,
				BE64CC132A90D051004FD3C8 /* 11.json in Resources */,
				BE64CC172A90D051004FD3C8 /* 8.json in Resources */,
				BE64CC162A90D051004FD3C8 /* 3.json in Resources */,
				BE64CC142A90D051004FD3C8 /* 2.json in Resources */,
				BE64CC102A90D051004FD3C8 /* 7.json in Resources */,
				BE64CC0F2A90D051004FD3C8 /* 6.json in Resources */,
				BE64CC1E2A90D051004FD3C8 /* orange.json in Resources */,
				BE64CC232A90D051004FD3C8 /* white.json in Resources */,
				BE1E56832A8E718B0095E568 /* Preview Assets.xcassets in Resources */,
				BE64CC1D2A90D051004FD3C8 /* red.json in Resources */,
				BE64CC1B2A90D051004FD3C8 /* purple.json in Resources */,
				BE64CC202A90D051004FD3C8 /* brown.json in Resources */,
				BEA4AFFB2A90674C004FD8F5 /* Localizable.strings in Resources */,
				BE64CC1F2A90D051004FD3C8 /* green.json in Resources */,
				BE64CC122A90D051004FD3C8 /* 1.json in Resources */,
				BE64CC1C2A90D051004FD3C8 /* black.json in Resources */,
				BE64CC252A90D051004FD3C8 /* gray.json in Resources */,
				BE64CC242A90D051004FD3C8 /* pink.json in Resources */,
				BE64CC212A90D051004FD3C8 /* blue.json in Resources */,
				BE64CC222A90D051004FD3C8 /* yellow.json in Resources */,
				BE64CC152A90D051004FD3C8 /* 12.json in Resources */,
				BE1E567F2A8E718B0095E568 /* Assets.xcassets in Resources */,
			);
			runOnlyForDeploymentPostprocessing = 0;
		};
/* End PBXResourcesBuildPhase section */

/* Begin PBXSourcesBuildPhase section */
		BE1E56732A8E718A0095E568 /* Sources */ = {
			isa = PBXSourcesBuildPhase;
			buildActionMask = 2147483647;
			files = (
				BE51B1BD2A93431600C6A3A5 /* SwiftyUserDefaults.swift in Sources */,
				BE51B1B92A93422600C6A3A5 /* IAPManager.swift in Sources */,
				BE1E567D2A8E718A0095E568 /* ContentView.swift in Sources */,
				BEFC5F142A8FC9EF004A2F1D /* ButtonStyle.swift in Sources */,
				BEFC5F122A8FC5E4004A2F1D /* ViewExtensions.swift in Sources */,
				BE51B1C12A93442900C6A3A5 /* CardReflectionView.swift in Sources */,
				BEA4AFFF2A907B0D004FD8F5 /* ColorCard.swift in Sources */,
				BE51B1BF2A9343EC00C6A3A5 /* SKProductExtensions.swift in Sources */,
				BEA4AFF82A906718004FD8F5 /* CategoryType.swift in Sources */,
				BEEE074D2A93264F00354879 /* MessageView.swift in Sources */,
				BEEE07432A9302BC00354879 /* DateExtensions.swift in Sources */,
				BE51B1C62A93676A00C6A3A5 /* Styles.swift in Sources */,
				BE51B1BB2A9342EF00C6A3A5 /* ProView.swift in Sources */,
				BEA4AFF32A9066A6004FD8F5 /* StringExtensions.swift in Sources */,
				BE9E5D002A8E855A0003D53D /* ColorExtensions.swift in Sources */,
				BE1E567B2A8E718A0095E568 /* JColorsApp.swift in Sources */,
				BEE65FD92A8E7FE70039B287 /* ColorModel.swift in Sources */,
				BEEE074B2A93264400354879 /* ContainerConfigurationForQueueMessage.swift in Sources */,
				BE51B1C42A93446000C6A3A5 /* LoadingView.swift in Sources */,
				BE9E5D022A8E9EA50003D53D /* Constants.swift in Sources */,
			);
			runOnlyForDeploymentPostprocessing = 0;
		};
/* End PBXSourcesBuildPhase section */

/* Begin PBXVariantGroup section */
		BEA4AFFD2A90674C004FD8F5 /* Localizable.strings */ = {
			isa = PBXVariantGroup;
			children = (
				BEA4AFFC2A90674C004FD8F5 /* zh-Hans */,
			);
			name = Localizable.strings;
			sourceTree = "<group>";
		};
/* End PBXVariantGroup section */

/* Begin XCBuildConfiguration section */
		BE1E56842A8E718B0095E568 /* Debug */ = {
			isa = XCBuildConfiguration;
			buildSettings = {
				ALWAYS_SEARCH_USER_PATHS = NO;
				CLANG_ANALYZER_NONNULL = YES;
				CLANG_ANALYZER_NUMBER_OBJECT_CONVERSION = YES_AGGRESSIVE;
				CLANG_CXX_LANGUAGE_STANDARD = "gnu++20";
				CLANG_ENABLE_MODULES = YES;
				CLANG_ENABLE_OBJC_ARC = YES;
				CLANG_ENABLE_OBJC_WEAK = YES;
				CLANG_WARN_BLOCK_CAPTURE_AUTORELEASING = YES;
				CLANG_WARN_BOOL_CONVERSION = YES;
				CLANG_WARN_COMMA = YES;
				CLANG_WARN_CONSTANT_CONVERSION = YES;
				CLANG_WARN_DEPRECATED_OBJC_IMPLEMENTATIONS = YES;
				CLANG_WARN_DIRECT_OBJC_ISA_USAGE = YES_ERROR;
				CLANG_WARN_DOCUMENTATION_COMMENTS = YES;
				CLANG_WARN_EMPTY_BODY = YES;
				CLANG_WARN_ENUM_CONVERSION = YES;
				CLANG_WARN_INFINITE_RECURSION = YES;
				CLANG_WARN_INT_CONVERSION = YES;
				CLANG_WARN_NON_LITERAL_NULL_CONVERSION = YES;
				CLANG_WARN_OBJC_IMPLICIT_RETAIN_SELF = YES;
				CLANG_WARN_OBJC_LITERAL_CONVERSION = YES;
				CLANG_WARN_OBJC_ROOT_CLASS = YES_ERROR;
				CLANG_WARN_QUOTED_INCLUDE_IN_FRAMEWORK_HEADER = YES;
				CLANG_WARN_RANGE_LOOP_ANALYSIS = YES;
				CLANG_WARN_STRICT_PROTOTYPES = YES;
				CLANG_WARN_SUSPICIOUS_MOVE = YES;
				CLANG_WARN_UNGUARDED_AVAILABILITY = YES_AGGRESSIVE;
				CLANG_WARN_UNREACHABLE_CODE = YES;
				CLANG_WARN__DUPLICATE_METHOD_MATCH = YES;
				COPY_PHASE_STRIP = NO;
				DEBUG_INFORMATION_FORMAT = dwarf;
				ENABLE_STRICT_OBJC_MSGSEND = YES;
				ENABLE_TESTABILITY = YES;
				GCC_C_LANGUAGE_STANDARD = gnu11;
				GCC_DYNAMIC_NO_PIC = NO;
				GCC_NO_COMMON_BLOCKS = YES;
				GCC_OPTIMIZATION_LEVEL = 0;
				GCC_PREPROCESSOR_DEFINITIONS = (
					"DEBUG=1",
					"$(inherited)",
				);
				GCC_WARN_64_TO_32_BIT_CONVERSION = YES;
				GCC_WARN_ABOUT_RETURN_TYPE = YES_ERROR;
				GCC_WARN_UNDECLARED_SELECTOR = YES;
				GCC_WARN_UNINITIALIZED_AUTOS = YES_AGGRESSIVE;
				GCC_WARN_UNUSED_FUNCTION = YES;
				GCC_WARN_UNUSED_VARIABLE = YES;
				MTL_ENABLE_DEBUG_INFO = INCLUDE_SOURCE;
				MTL_FAST_MATH = YES;
				ONLY_ACTIVE_ARCH = YES;
				SWIFT_ACTIVE_COMPILATION_CONDITIONS = DEBUG;
				SWIFT_OPTIMIZATION_LEVEL = "-Onone";
			};
			name = Debug;
		};
		BE1E56852A8E718B0095E568 /* Release */ = {
			isa = XCBuildConfiguration;
			buildSettings = {
				ALWAYS_SEARCH_USER_PATHS = NO;
				CLANG_ANALYZER_NONNULL = YES;
				CLANG_ANALYZER_NUMBER_OBJECT_CONVERSION = YES_AGGRESSIVE;
				CLANG_CXX_LANGUAGE_STANDARD = "gnu++20";
				CLANG_ENABLE_MODULES = YES;
				CLANG_ENABLE_OBJC_ARC = YES;
				CLANG_ENABLE_OBJC_WEAK = YES;
				CLANG_WARN_BLOCK_CAPTURE_AUTORELEASING = YES;
				CLANG_WARN_BOOL_CONVERSION = YES;
				CLANG_WARN_COMMA = YES;
				CLANG_WARN_CONSTANT_CONVERSION = YES;
				CLANG_WARN_DEPRECATED_OBJC_IMPLEMENTATIONS = YES;
				CLANG_WARN_DIRECT_OBJC_ISA_USAGE = YES_ERROR;
				CLANG_WARN_DOCUMENTATION_COMMENTS = YES;
				CLANG_WARN_EMPTY_BODY = YES;
				CLANG_WARN_ENUM_CONVERSION = YES;
				CLANG_WARN_INFINITE_RECURSION = YES;
				CLANG_WARN_INT_CONVERSION = YES;
				CLANG_WARN_NON_LITERAL_NULL_CONVERSION = YES;
				CLANG_WARN_OBJC_IMPLICIT_RETAIN_SELF = YES;
				CLANG_WARN_OBJC_LITERAL_CONVERSION = YES;
				CLANG_WARN_OBJC_ROOT_CLASS = YES_ERROR;
				CLANG_WARN_QUOTED_INCLUDE_IN_FRAMEWORK_HEADER = YES;
				CLANG_WARN_RANGE_LOOP_ANALYSIS = YES;
				CLANG_WARN_STRICT_PROTOTYPES = YES;
				CLANG_WARN_SUSPICIOUS_MOVE = YES;
				CLANG_WARN_UNGUARDED_AVAILABILITY = YES_AGGRESSIVE;
				CLANG_WARN_UNREACHABLE_CODE = YES;
				CLANG_WARN__DUPLICATE_METHOD_MATCH = YES;
				COPY_PHASE_STRIP = NO;
				DEBUG_INFORMATION_FORMAT = "dwarf-with-dsym";
				ENABLE_NS_ASSERTIONS = NO;
				ENABLE_STRICT_OBJC_MSGSEND = YES;
				GCC_C_LANGUAGE_STANDARD = gnu11;
				GCC_NO_COMMON_BLOCKS = YES;
				GCC_WARN_64_TO_32_BIT_CONVERSION = YES;
				GCC_WARN_ABOUT_RETURN_TYPE = YES_ERROR;
				GCC_WARN_UNDECLARED_SELECTOR = YES;
				GCC_WARN_UNINITIALIZED_AUTOS = YES_AGGRESSIVE;
				GCC_WARN_UNUSED_FUNCTION = YES;
				GCC_WARN_UNUSED_VARIABLE = YES;
				MTL_ENABLE_DEBUG_INFO = NO;
				MTL_FAST_MATH = YES;
				SWIFT_COMPILATION_MODE = wholemodule;
				SWIFT_OPTIMIZATION_LEVEL = "-O";
			};
			name = Release;
		};
		BE1E56872A8E718B0095E568 /* Debug */ = {
			isa = XCBuildConfiguration;
			buildSettings = {
				ASSETCATALOG_COMPILER_APPICON_NAME = AppIcon;
				"ASSETCATALOG_COMPILER_APPICON_NAME[sdk=appletvos*]" = "App Icon & Top Shelf Image";
				ASSETCATALOG_COMPILER_GLOBAL_ACCENT_COLOR_NAME = AccentColor;
				CODE_SIGN_ENTITLEMENTS = JColors/JColors.entitlements;
				CODE_SIGN_STYLE = Automatic;
				CURRENT_PROJECT_VERSION = 1;
				DEVELOPMENT_ASSET_PATHS = "\"JColors/Preview Content\"";
				DEVELOPMENT_TEAM = RLK76T8Y89;
				ENABLE_HARDENED_RUNTIME = YES;
				ENABLE_PREVIEWS = YES;
				GENERATE_INFOPLIST_FILE = YES;
				INFOPLIST_FILE = JColors/Info.plist;
				INFOPLIST_KEY_LSApplicationCategoryType = "public.app-category.graphics-design";
				"INFOPLIST_KEY_UIApplicationSceneManifest_Generation[sdk=iphoneos*]" = YES;
				"INFOPLIST_KEY_UIApplicationSceneManifest_Generation[sdk=iphonesimulator*]" = YES;
				"INFOPLIST_KEY_UIApplicationSupportsIndirectInputEvents[sdk=iphoneos*]" = YES;
				"INFOPLIST_KEY_UIApplicationSupportsIndirectInputEvents[sdk=iphonesimulator*]" = YES;
				"INFOPLIST_KEY_UILaunchScreen_Generation[sdk=iphoneos*]" = YES;
				"INFOPLIST_KEY_UILaunchScreen_Generation[sdk=iphonesimulator*]" = YES;
				"INFOPLIST_KEY_UIStatusBarStyle[sdk=iphoneos*]" = UIStatusBarStyleDefault;
				"INFOPLIST_KEY_UIStatusBarStyle[sdk=iphonesimulator*]" = UIStatusBarStyleDefault;
				INFOPLIST_KEY_UISupportedInterfaceOrientations = UIInterfaceOrientationPortrait;
				INFOPLIST_KEY_UISupportedInterfaceOrientations_iPad = "UIInterfaceOrientationLandscapeLeft UIInterfaceOrientationLandscapeRight UIInterfaceOrientationPortrait UIInterfaceOrientationPortraitUpsideDown";
				IPHONEOS_DEPLOYMENT_TARGET = 16.0;
				LD_RUNPATH_SEARCH_PATHS = "@executable_path/Frameworks";
				"LD_RUNPATH_SEARCH_PATHS[sdk=macosx*]" = "@executable_path/../Frameworks";
				MACOSX_DEPLOYMENT_TARGET = 13.0;
				MARKETING_VERSION = 1.1;
				PRODUCT_BUNDLE_IDENTIFIER = org.gewill.JapaneseColors;
				PRODUCT_NAME = "$(TARGET_NAME)";
				SDKROOT = auto;
				SUPPORTED_PLATFORMS = "appletvos appletvsimulator iphoneos iphonesimulator macosx";
				SUPPORTS_MACCATALYST = NO;
				SUPPORTS_MAC_DESIGNED_FOR_IPHONE_IPAD = NO;
				SWIFT_EMIT_LOC_STRINGS = YES;
				SWIFT_VERSION = 5.0;
				TARGETED_DEVICE_FAMILY = "1,2,3";
				TVOS_DEPLOYMENT_TARGET = 16.0;
			};
			name = Debug;
		};
		BE1E56882A8E718B0095E568 /* Release */ = {
			isa = XCBuildConfiguration;
			buildSettings = {
				ASSETCATALOG_COMPILER_APPICON_NAME = AppIcon;
				"ASSETCATALOG_COMPILER_APPICON_NAME[sdk=appletvos*]" = "App Icon & Top Shelf Image";
				ASSETCATALOG_COMPILER_GLOBAL_ACCENT_COLOR_NAME = AccentColor;
				CODE_SIGN_ENTITLEMENTS = JColors/JColors.entitlements;
				CODE_SIGN_STYLE = Automatic;
				CURRENT_PROJECT_VERSION = 1;
				DEVELOPMENT_ASSET_PATHS = "\"JColors/Preview Content\"";
				DEVELOPMENT_TEAM = RLK76T8Y89;
				ENABLE_HARDENED_RUNTIME = YES;
				ENABLE_PREVIEWS = YES;
				GENERATE_INFOPLIST_FILE = YES;
				INFOPLIST_FILE = JColors/Info.plist;
				INFOPLIST_KEY_LSApplicationCategoryType = "public.app-category.graphics-design";
				"INFOPLIST_KEY_UIApplicationSceneManifest_Generation[sdk=iphoneos*]" = YES;
				"INFOPLIST_KEY_UIApplicationSceneManifest_Generation[sdk=iphonesimulator*]" = YES;
				"INFOPLIST_KEY_UIApplicationSupportsIndirectInputEvents[sdk=iphoneos*]" = YES;
				"INFOPLIST_KEY_UIApplicationSupportsIndirectInputEvents[sdk=iphonesimulator*]" = YES;
				"INFOPLIST_KEY_UILaunchScreen_Generation[sdk=iphoneos*]" = YES;
				"INFOPLIST_KEY_UILaunchScreen_Generation[sdk=iphonesimulator*]" = YES;
				"INFOPLIST_KEY_UIStatusBarStyle[sdk=iphoneos*]" = UIStatusBarStyleDefault;
				"INFOPLIST_KEY_UIStatusBarStyle[sdk=iphonesimulator*]" = UIStatusBarStyleDefault;
				INFOPLIST_KEY_UISupportedInterfaceOrientations = UIInterfaceOrientationPortrait;
				INFOPLIST_KEY_UISupportedInterfaceOrientations_iPad = "UIInterfaceOrientationLandscapeLeft UIInterfaceOrientationLandscapeRight UIInterfaceOrientationPortrait UIInterfaceOrientationPortraitUpsideDown";
				IPHONEOS_DEPLOYMENT_TARGET = 16.0;
				LD_RUNPATH_SEARCH_PATHS = "@executable_path/Frameworks";
				"LD_RUNPATH_SEARCH_PATHS[sdk=macosx*]" = "@executable_path/../Frameworks";
				MACOSX_DEPLOYMENT_TARGET = 13.0;
				MARKETING_VERSION = 1.1;
				PRODUCT_BUNDLE_IDENTIFIER = org.gewill.JapaneseColors;
				PRODUCT_NAME = "$(TARGET_NAME)";
				SDKROOT = auto;
				SUPPORTED_PLATFORMS = "appletvos appletvsimulator iphoneos iphonesimulator macosx";
				SUPPORTS_MACCATALYST = NO;
				SUPPORTS_MAC_DESIGNED_FOR_IPHONE_IPAD = NO;
				SWIFT_EMIT_LOC_STRINGS = YES;
				SWIFT_VERSION = 5.0;
				TARGETED_DEVICE_FAMILY = "1,2,3";
				TVOS_DEPLOYMENT_TARGET = 16.0;
			};
			name = Release;
		};
/* End XCBuildConfiguration section */

/* Begin XCConfigurationList section */
		BE1E56722A8E718A0095E568 /* Build configuration list for PBXProject "JColors" */ = {
			isa = XCConfigurationList;
			buildConfigurations = (
				BE1E56842A8E718B0095E568 /* Debug */,
				BE1E56852A8E718B0095E568 /* Release */,
			);
			defaultConfigurationIsVisible = 0;
			defaultConfigurationName = Release;
		};
		BE1E56862A8E718B0095E568 /* Build configuration list for PBXNativeTarget "JColors" */ = {
			isa = XCConfigurationList;
			buildConfigurations = (
				BE1E56872A8E718B0095E568 /* Debug */,
				BE1E56882A8E718B0095E568 /* Release */,
			);
			defaultConfigurationIsVisible = 0;
			defaultConfigurationName = Release;
		};
/* End XCConfigurationList section */

/* Begin XCRemoteSwiftPackageReference section */
		BE27067D2A9341CB00C2A180 /* XCRemoteSwiftPackageReference "glassfy-ios-sdk" */ = {
			isa = XCRemoteSwiftPackageReference;
			repositoryURL = "https://github.com/gewill/glassfy-ios-sdk.git";
			requirement = {
				branch = master;
				kind = branch;
			};
		};
		BEEE07442A9325C900354879 /* XCRemoteSwiftPackageReference "SwiftyJSON" */ = {
			isa = XCRemoteSwiftPackageReference;
			repositoryURL = "https://github.com/SwiftyJSON/SwiftyJSON.git";
			requirement = {
				kind = upToNextMajorVersion;
				minimumVersion = 5.0.0;
			};
		};
		BEEE07472A93261000354879 /* XCRemoteSwiftPackageReference "SwiftUIOverlayContainer" */ = {
			isa = XCRemoteSwiftPackageReference;
			repositoryURL = "https://github.com/fatbobman/SwiftUIOverlayContainer.git";
			requirement = {
				kind = upToNextMajorVersion;
				minimumVersion = 2.0.0;
			};
		};
/* End XCRemoteSwiftPackageReference section */

/* Begin XCSwiftPackageProductDependency section */
		BE27067E2A9341CB00C2A180 /* Glassfy */ = {
			isa = XCSwiftPackageProductDependency;
			package = BE27067D2A9341CB00C2A180 /* XCRemoteSwiftPackageReference "glassfy-ios-sdk" */;
			productName = Glassfy;
		};
		BEEE07452A9325C900354879 /* SwiftyJSON */ = {
			isa = XCSwiftPackageProductDependency;
			package = BEEE07442A9325C900354879 /* XCRemoteSwiftPackageReference "SwiftyJSON" */;
			productName = SwiftyJSON;
		};
		BEEE07482A93261000354879 /* SwiftUIOverlayContainer */ = {
			isa = XCSwiftPackageProductDependency;
			package = BEEE07472A93261000354879 /* XCRemoteSwiftPackageReference "SwiftUIOverlayContainer" */;
			productName = SwiftUIOverlayContainer;
		};
/* End XCSwiftPackageProductDependency section */
	};
	rootObject = BE1E566F2A8E718A0095E568 /* Project object */;
}
