// !$*UTF8*$!
{
	archiveVersion = 1;
	classes = {
	};
	objectVersion = 56;
	objects = {

/* Begin PBXBuildFile section */
		C07E20260912000000000001 /* PrivacyInfo.xcprivacy in Resources */ = {isa = PBXBuildFile; fileRef = C07E20260912000000000002 /* PrivacyInfo.xcprivacy */; };
		BE1E567B2A8E718A0095E568 /* JColorsApp.swift in Sources */ = {isa = PBXBuildFile; fileRef = BE1E567A2A8E718A0095E568 /* JColorsApp.swift */; };
		BE1E567D2A8E718A0095E568 /* ContentView.swift in Sources */ = {isa = PBXBuildFile; fileRef = BE1E567C2A8E718A0095E568 /* ContentView.swift */; };
		BE1E567F2A8E718B0095E568 /* Assets.xcassets in Resources */ = {isa = PBXBuildFile; fileRef = BE1E567E2A8E718B0095E568 /* Assets.xcassets */; };
		BE1E56832A8E718B0095E568 /* Preview Assets.xcassets in Resources */ = {isa = PBXBuildFile; fileRef = BE1E56822A8E718B0095E568 /* Preview Assets.xcassets */; };
		BE236B3C2AA2D1470016D987 /* FullscreenColorView.swift in Sources */ = {isa = PBXBuildFile; fileRef = BE236B3B2AA2D1470016D987 /* FullscreenColorView.swift */; };
		BE51B1B92A93422600C6A3A5 /* IAPManager.swift in Sources */ = {isa = PBXBuildFile; fileRef = BE51B1B82A93422600C6A3A5 /* IAPManager.swift */; };
		BE51B1BB2A9342EF00C6A3A5 /* ProView.swift in Sources */ = {isa = PBXBuildFile; fileRef = BE51B1BA2A9342EF00C6A3A5 /* ProView.swift */; };
		BE51B1BD2A93431600C6A3A5 /* SwiftyUserDefaults.swift in Sources */ = {isa = PBXBuildFile; fileRef = BE51B1BC2A93431600C6A3A5 /* SwiftyUserDefaults.swift */; };
		BE51B1BF2A9343EC00C6A3A5 /* SKProductExtensions.swift in Sources */ = {isa = PBXBuildFile; fileRef = BE51B1BE2A9343EC00C6A3A5 /* SKProductExtensions.swift */; };
		BE51B1C12A93442900C6A3A5 /* CardReflectionView.swift in Sources */ = {isa = PBXBuildFile; fileRef = BE51B1C02A93442900C6A3A5 /* CardReflectionView.swift */; };
		BE51B1C42A93446000C6A3A5 /* LoadingView.swift in Sources */ = {isa = PBXBuildFile; fileRef = BE51B1C32A93446000C6A3A5 /* LoadingView.swift */; };
		BE51B1C62A93676A00C6A3A5 /* Styles.swift in Sources */ = {isa = PBXBuildFile; fileRef = BE51B1C52A93676A00C6A3A5 /* Styles.swift */; };
		BE64CC0F2A90D051004FD3C8 /* 6.json in Resources */ = {isa = PBXBuildFile; fileRef = BE64CBF72A90D051004FD3C8 /* 6.json */; };
		BE64CC102A90D051004FD3C8 /* 7.json in Resources */ = {isa = PBXBuildFile; fileRef = BE64CBF82A90D051004FD3C8 /* 7.json */; };
		BE64CC112A90D051004FD3C8 /* 10.json in Resources */ = {isa = PBXBuildFile; fileRef = BE64CBF92A90D051004FD3C8 /* 10.json */; };
		BE64CC122A90D051004FD3C8 /* 1.json in Resources */ = {isa = PBXBuildFile; fileRef = BE64CBFA2A90D051004FD3C8 /* 1.json */; };
		BE64CC132A90D051004FD3C8 /* 11.json in Resources */ = {isa = PBXBuildFile; fileRef = BE64CBFB2A90D051004FD3C8 /* 11.json */; };
		BE64CC142A90D051004FD3C8 /* 2.json in Resources */ = {isa = PBXBuildFile; fileRef = BE64CBFC2A90D051004FD3C8 /* 2.json */; };
		BE64CC152A90D051004FD3C8 /* 12.json in Resources */ = {isa = PBXBuildFile; fileRef = BE64CBFD2A90D051004FD3C8 /* 12.json */; };
		BE64CC162A90D051004FD3C8 /* 3.json in Resources */ = {isa = PBXBuildFile; fileRef = BE64CBFE2A90D051004FD3C8 /* 3.json */; };
		BE64CC172A90D051004FD3C8 /* 8.json in Resources */ = {isa = PBXBuildFile; fileRef = BE64CBFF2A90D051004FD3C8 /* 8.json */; };
		BE64CC182A90D051004FD3C8 /* 4.json in Resources */ = {isa = PBXBuildFile; fileRef = BE64CC002A90D051004FD3C8 /* 4.json */; };
		BE64CC192A90D051004FD3C8 /* 5.json in Resources */ = {isa = PBXBuildFile; fileRef = BE64CC012A90D051004FD3C8 /* 5.json */; };
		BE64CC1A2A90D051004FD3C8 /* 9.json in Resources */ = {isa = PBXBuildFile; fileRef = BE64CC022A90D051004FD3C8 /* 9.json */; };
		BE64CC1B2A90D051004FD3C8 /* purple.json in Resources */ = {isa = PBXBuildFile; fileRef = BE64CC042A90D051004FD3C8 /* purple.json */; };
		BE64CC1C2A90D051004FD3C8 /* black.json in Resources */ = {isa = PBXBuildFile; fileRef = BE64CC052A90D051004FD3C8 /* black.json */; };
		BE64CC1D2A90D051004FD3C8 /* red.json in Resources */ = {isa = PBXBuildFile; fileRef = BE64CC062A90D051004FD3C8 /* red.json */; };
		BE64CC1E2A90D051004FD3C8 /* orange.json in Resources */ = {isa = PBXBuildFile; fileRef = BE64CC072A90D051004FD3C8 /* orange.json */; };
		BE64CC1F2A90D051004FD3C8 /* green.json in Resources */ = {isa = PBXBuildFile; fileRef = BE64CC082A90D051004FD3C8 /* green.json */; };
		BE64CC202A90D051004FD3C8 /* brown.json in Resources */ = {isa = PBXBuildFile; fileRef = BE64CC092A90D051004FD3C8 /* brown.json */; };
		BE64CC212A90D051004FD3C8 /* blue.json in Resources */ = {isa = PBXBuildFile; fileRef = BE64CC0A2A90D051004FD3C8 /* blue.json */; };
		BE64CC222A90D051004FD3C8 /* yellow.json in Resources */ = {isa = PBXBuildFile; fileRef = BE64CC0B2A90D051004FD3C8 /* yellow.json */; };
		BE64CC232A90D051004FD3C8 /* white.json in Resources */ = {isa = PBXBuildFile; fileRef = BE64CC0C2A90D051004FD3C8 /* white.json */; };
		BE64CC242A90D051004FD3C8 /* pink.json in Resources */ = {isa = PBXBuildFile; fileRef = BE64CC0D2A90D051004FD3C8 /* pink.json */; };
		BE64CC252A90D051004FD3C8 /* gray.json in Resources */ = {isa = PBXBuildFile; fileRef = BE64CC0E2A90D051004FD3C8 /* gray.json */; };
		BE781CBA2CA1A9E60022C4B8 /* RevenueCat in Frameworks */ = {isa = PBXBuildFile; productRef = BE781CB92CA1A9E60022C4B8 /* RevenueCat */; };
		BE781CBD2CA1AE5F0022C4B8 /* ColorfulX in Frameworks */ = {isa = PBXBuildFile; productRef = BE781CBC2CA1AE5F0022C4B8 /* ColorfulX */; };
		BE9E5D002A8E855A0003D53D /* ColorExtensions.swift in Sources */ = {isa = PBXBuildFile; fileRef = BE9E5CFF2A8E855A0003D53D /* ColorExtensions.swift */; };
		BE9E5D022A8E9EA50003D53D /* Constants.swift in Sources */ = {isa = PBXBuildFile; fileRef = BE9E5D012A8E9EA40003D53D /* Constants.swift */; };
		BEA4AFF32A9066A6004FD8F5 /* StringExtensions.swift in Sources */ = {isa = PBXBuildFile; fileRef = BEA4AFF22A9066A6004FD8F5 /* StringExtensions.swift */; };
		BEA4AFF82A906718004FD8F5 /* CategoryType.swift in Sources */ = {isa = PBXBuildFile; fileRef = BEA4AFF72A906718004FD8F5 /* CategoryType.swift */; };
		BEA4AFFB2A90674C004FD8F5 /* Localizable.strings in Resources */ = {isa = PBXBuildFile; fileRef = BEA4AFFD2A90674C004FD8F5 /* Localizable.strings */; };
		BEA4AFFF2A907B0D004FD8F5 /* ColorCard.swift in Sources */ = {isa = PBXBuildFile; fileRef = BEA4AFFE2A907B0D004FD8F5 /* ColorCard.swift */; };
		BEE65FD92A8E7FE70039B287 /* ColorModel.swift in Sources */ = {isa = PBXBuildFile; fileRef = BEE65FD82A8E7FE70039B287 /* ColorModel.swift */; };
		BEEE07432A9302BC00354879 /* DateExtensions.swift in Sources */ = {isa = PBXBuildFile; fileRef = BEEE07422A9302BC00354879 /* DateExtensions.swift */; };
		BEEE07492A93261000354879 /* SwiftUIOverlayContainer in Frameworks */ = {isa = PBXBuildFile; productRef = BEEE07482A93261000354879 /* SwiftUIOverlayContainer */; };
		BEEE074B2A93264400354879 /* ContainerConfigurationForQueueMessage.swift in Sources */ = {isa = PBXBuildFile; fileRef = BEEE074A2A93264400354879 /* ContainerConfigurationForQueueMessage.swift */; };
		BEEE074D2A93264F00354879 /* MessageView.swift in Sources */ = {isa = PBXBuildFile; fileRef = BEEE074C2A93264F00354879 /* MessageView.swift */; };
		BEFC5F122A8FC5E4004A2F1D /* ViewExtensions.swift in Sources */ = {isa = PBXBuildFile; fileRef = BEFC5F112A8FC5E4004A2F1D /* ViewExtensions.swift */; };
		BEFC5F142A8FC9EF004A2F1D /* ButtonStyle.swift in Sources */ = {isa = PBXBuildFile; fileRef = BEFC5F132A8FC9EF004A2F1D /* ButtonStyle.swift */; };
		BE7786CD7FFF7E3BB99711BD /* ColorCatalog.swift in Sources */ = {isa = PBXBuildFile; fileRef = 02DE8CAD17472F247F27D287 /* ColorCatalog.swift */; };
		A5E3BAF3403B5C461AD020A4 /* ModelTool.swift in Sources */ = {isa = PBXBuildFile; fileRef = 1FFD0CC699C590763481B256 /* ModelTool.swift */; };
		54E0AACD9A4D677C42A91018 /* FavoritesStore.swift in Sources */ = {isa = PBXBuildFile; fileRef = 4A01FF20D7FF4E03BDAF48EC /* FavoritesStore.swift */; };
		1250334D2C73A153278A4C08 /* AppRoute.swift in Sources */ = {isa = PBXBuildFile; fileRef = 08DAF12C8B435FAD121C7C6A /* AppRoute.swift */; };
		5B634F9F9D7708457DF3196C /* ColorLibraryView.swift in Sources */ = {isa = PBXBuildFile; fileRef = 71E0324F006B81EEEE0B3EB7 /* ColorLibraryView.swift */; };
		3848B6597DB4C58D5C0A79EA /* FavoriteButton.swift in Sources */ = {isa = PBXBuildFile; fileRef = 9DA16C142D93EA6B6555988E /* FavoriteButton.swift */; };
		F99BC3CC6BC08DD573976CB2 /* WidgetAccess.swift in Sources */ = {isa = PBXBuildFile; fileRef = F3E6D7BED414E05696FA56C1 /* WidgetAccess.swift */; };
		00363ADEF1A096F59F1BE2E6 /* DailyColorWidget.swift in JColorsWidgetsiOS Sources */ = {isa = PBXBuildFile; fileRef = 571332B5E3D960830F5F80F7 /* DailyColorWidget.swift */; };
		5477D1D8919154B8DAF55118 /* DailyColorSchedule.swift in JColorsWidgetsiOS Sources */ = {isa = PBXBuildFile; fileRef = E81DF8EF57FE9FD3DC5F0875 /* DailyColorSchedule.swift */; };
		B497D03CAC8246A351639045 /* WidgetAccess.swift in JColorsWidgetsiOS Sources */ = {isa = PBXBuildFile; fileRef = F3E6D7BED414E05696FA56C1 /* WidgetAccess.swift */; };
		4454D00BDDDD198CDAF1F69A /* ColorCatalog.swift in JColorsWidgetsiOS Sources */ = {isa = PBXBuildFile; fileRef = 02DE8CAD17472F247F27D287 /* ColorCatalog.swift */; };
		2182B325C48B9BC9C551217A /* ColorModel.swift in JColorsWidgetsiOS Sources */ = {isa = PBXBuildFile; fileRef = BEE65FD82A8E7FE70039B287 /* ColorModel.swift */; };
		B718FF826AE27DC56D26CA43 /* ColorExtensions.swift in JColorsWidgetsiOS Sources */ = {isa = PBXBuildFile; fileRef = BE9E5CFF2A8E855A0003D53D /* ColorExtensions.swift */; };
		F8FA7220E419E695B328125E /* 1.json in JColorsWidgetsiOS Resources */ = {isa = PBXBuildFile; fileRef = BE64CBFA2A90D051004FD3C8 /* 1.json */; };
		97F6A94428A38C257E1C9B9C /* 2.json in JColorsWidgetsiOS Resources */ = {isa = PBXBuildFile; fileRef = BE64CBFC2A90D051004FD3C8 /* 2.json */; };
		C886E225F1258AA4C294CAF9 /* 3.json in JColorsWidgetsiOS Resources */ = {isa = PBXBuildFile; fileRef = BE64CBFE2A90D051004FD3C8 /* 3.json */; };
		C770E8461494E577F6CCFD50 /* 4.json in JColorsWidgetsiOS Resources */ = {isa = PBXBuildFile; fileRef = BE64CC002A90D051004FD3C8 /* 4.json */; };
		78C02D6C8A0B1838F6A30963 /* 5.json in JColorsWidgetsiOS Resources */ = {isa = PBXBuildFile; fileRef = BE64CC012A90D051004FD3C8 /* 5.json */; };
		3E90EC4B24D30C02A62E2CED /* 6.json in JColorsWidgetsiOS Resources */ = {isa = PBXBuildFile; fileRef = BE64CBF72A90D051004FD3C8 /* 6.json */; };
		B3FA3FEC1D739EDA4FFAB5C5 /* 7.json in JColorsWidgetsiOS Resources */ = {isa = PBXBuildFile; fileRef = BE64CBF82A90D051004FD3C8 /* 7.json */; };
		E33806731DFB16ADC217A0B1 /* 8.json in JColorsWidgetsiOS Resources */ = {isa = PBXBuildFile; fileRef = BE64CBFF2A90D051004FD3C8 /* 8.json */; };
		B1BADDDC762DF06DCE32113D /* 9.json in JColorsWidgetsiOS Resources */ = {isa = PBXBuildFile; fileRef = BE64CC022A90D051004FD3C8 /* 9.json */; };
		349A1603B71D9CFDD4AF524C /* 10.json in JColorsWidgetsiOS Resources */ = {isa = PBXBuildFile; fileRef = BE64CBF92A90D051004FD3C8 /* 10.json */; };
		0C409F3C65F2BBD14A5C02AF /* 11.json in JColorsWidgetsiOS Resources */ = {isa = PBXBuildFile; fileRef = BE64CBFB2A90D051004FD3C8 /* 11.json */; };
		B9D4347F6AC928A3ACAE0F05 /* 12.json in JColorsWidgetsiOS Resources */ = {isa = PBXBuildFile; fileRef = BE64CBFD2A90D051004FD3C8 /* 12.json */; };
		01180F37BB462E7F7D51C6A6 /* PrivacyInfo.xcprivacy in JColorsWidgetsiOS Resources */ = {isa = PBXBuildFile; fileRef = CC046A71ADE8B8DE8969FA84 /* PrivacyInfo.xcprivacy */; };
		8F3005BB0C61E0E90B6448B7 /* JColorsWidgetsiOS.appex in Embed App Extensions */ = {isa = PBXBuildFile; fileRef = 798FCCA4A22A9BDC5BAA5345 /* JColorsWidgetsiOS.appex */; platformFilter = ios; settings = {ATTRIBUTES = (RemoveHeadersOnCopy, ); }; };
		CEFA06709C43BCED869D14BF /* DailyColorWidget.swift in JColorsWidgetsmacOS Sources */ = {isa = PBXBuildFile; fileRef = 571332B5E3D960830F5F80F7 /* DailyColorWidget.swift */; };
		5B1431B9F3BBEDDD8C09E292 /* DailyColorSchedule.swift in JColorsWidgetsmacOS Sources */ = {isa = PBXBuildFile; fileRef = E81DF8EF57FE9FD3DC5F0875 /* DailyColorSchedule.swift */; };
		DB704D72ECF400B7CFB6642D /* WidgetAccess.swift in JColorsWidgetsmacOS Sources */ = {isa = PBXBuildFile; fileRef = F3E6D7BED414E05696FA56C1 /* WidgetAccess.swift */; };
		9238973148DB62FBE16E6258 /* ColorCatalog.swift in JColorsWidgetsmacOS Sources */ = {isa = PBXBuildFile; fileRef = 02DE8CAD17472F247F27D287 /* ColorCatalog.swift */; };
		77F51E0082A5C4B3D10B85F3 /* ColorModel.swift in JColorsWidgetsmacOS Sources */ = {isa = PBXBuildFile; fileRef = BEE65FD82A8E7FE70039B287 /* ColorModel.swift */; };
		6091E7DB2BBCF731A6A5D816 /* ColorExtensions.swift in JColorsWidgetsmacOS Sources */ = {isa = PBXBuildFile; fileRef = BE9E5CFF2A8E855A0003D53D /* ColorExtensions.swift */; };
		E6D39FDAF280BA6C9D6F29E7 /* 1.json in JColorsWidgetsmacOS Resources */ = {isa = PBXBuildFile; fileRef = BE64CBFA2A90D051004FD3C8 /* 1.json */; };
		38C20E7C68CC8380542DC2FC /* 2.json in JColorsWidgetsmacOS Resources */ = {isa = PBXBuildFile; fileRef = BE64CBFC2A90D051004FD3C8 /* 2.json */; };
		C44AAC8B94CC4E14EE5AC7DE /* 3.json in JColorsWidgetsmacOS Resources */ = {isa = PBXBuildFile; fileRef = BE64CBFE2A90D051004FD3C8 /* 3.json */; };
		661083BEF890CB0D0C7B7890 /* 4.json in JColorsWidgetsmacOS Resources */ = {isa = PBXBuildFile; fileRef = BE64CC002A90D051004FD3C8 /* 4.json */; };
		76F41488F4AB0FD720E369DD /* 5.json in JColorsWidgetsmacOS Resources */ = {isa = PBXBuildFile; fileRef = BE64CC012A90D051004FD3C8 /* 5.json */; };
		A749D382CA4E38958CBB7FF7 /* 6.json in JColorsWidgetsmacOS Resources */ = {isa = PBXBuildFile; fileRef = BE64CBF72A90D051004FD3C8 /* 6.json */; };
		7396D946855F50A975CF1DD6 /* 7.json in JColorsWidgetsmacOS Resources */ = {isa = PBXBuildFile; fileRef = BE64CBF82A90D051004FD3C8 /* 7.json */; };
		732C7F184DACEADA695D7C6F /* 8.json in JColorsWidgetsmacOS Resources */ = {isa = PBXBuildFile; fileRef = BE64CBFF2A90D051004FD3C8 /* 8.json */; };
		ECE7D6C7F4693853EE0F7B0A /* 9.json in JColorsWidgetsmacOS Resources */ = {isa = PBXBuildFile; fileRef = BE64CC022A90D051004FD3C8 /* 9.json */; };
		919681B523361A3D72DF36D2 /* 10.json in JColorsWidgetsmacOS Resources */ = {isa = PBXBuildFile; fileRef = BE64CBF92A90D051004FD3C8 /* 10.json */; };
		F52AE6FDCCCCA499BA928682 /* 11.json in JColorsWidgetsmacOS Resources */ = {isa = PBXBuildFile; fileRef = BE64CBFB2A90D051004FD3C8 /* 11.json */; };
		23B87B155168D90F97F007BA /* 12.json in JColorsWidgetsmacOS Resources */ = {isa = PBXBuildFile; fileRef = BE64CBFD2A90D051004FD3C8 /* 12.json */; };
		302347F7257E777931D49C9C /* PrivacyInfo.xcprivacy in JColorsWidgetsmacOS Resources */ = {isa = PBXBuildFile; fileRef = CC046A71ADE8B8DE8969FA84 /* PrivacyInfo.xcprivacy */; };
		BA5704EC71A257CC86406D3D /* JColorsWidgetsmacOS.appex in Embed App Extensions */ = {isa = PBXBuildFile; fileRef = 237048014E123F0F4754503B /* JColorsWidgetsmacOS.appex */; platformFilters = (macos,); settings = {ATTRIBUTES = (RemoveHeadersOnCopy, ); }; };
/* End PBXBuildFile section */

/* Begin PBXCopyFilesBuildPhase section */
		7FC628ACAA24D50FEF763B3D /* Embed App Extensions */ = {
			isa = PBXCopyFilesBuildPhase;
			buildActionMask = 2147483647;
			dstPath = "";
			dstSubfolderSpec = 13;
			files = (
				8F3005BB0C61E0E90B6448B7 /* JColorsWidgetsiOS.appex in Embed App Extensions */,
				BA5704EC71A257CC86406D3D /* JColorsWidgetsmacOS.appex in Embed App Extensions */,
			);
			name = "Embed App Extensions";
			runOnlyForDeploymentPostprocessing = 0;
		};
/* End PBXCopyFilesBuildPhase section */

/* Begin PBXContainerItemProxy section */
		A836A770BACE8998A41E40BC /* PBXContainerItemProxy */ = {isa = PBXContainerItemProxy; containerPortal = BE1E566F2A8E718A0095E568 /* Project object */; proxyType = 1; remoteGlobalIDString = A88A54229BF512C199D0A9C5; remoteInfo = JColorsWidgetsiOS; };
		AE0901E55FCEC2B6CBD31F10 /* PBXContainerItemProxy */ = {isa = PBXContainerItemProxy; containerPortal = BE1E566F2A8E718A0095E568 /* Project object */; proxyType = 1; remoteGlobalIDString = 936A77ABEF851F52A7EF45AF; remoteInfo = JColorsWidgetsmacOS; };
/* End PBXContainerItemProxy section */

/* Begin PBXTargetDependency section */
		054A1D2150FA8444C4727572 /* PBXTargetDependency */ = {isa = PBXTargetDependency; platformFilter = ios; target = A88A54229BF512C199D0A9C5 /* JColorsWidgetsiOS */; targetProxy = A836A770BACE8998A41E40BC /* PBXContainerItemProxy */; };
		4EB8097A5D421E85EB8F0431 /* PBXTargetDependency */ = {isa = PBXTargetDependency; platformFilters = (macos,); target = 936A77ABEF851F52A7EF45AF /* JColorsWidgetsmacOS */; targetProxy = AE0901E55FCEC2B6CBD31F10 /* PBXContainerItemProxy */; };
/* End PBXTargetDependency section */

/* Begin PBXFileReference section */
		C07E20260912000000000002 /* PrivacyInfo.xcprivacy */ = {isa = PBXFileReference; lastKnownFileType = text.xml; path = PrivacyInfo.xcprivacy; sourceTree = "<group>"; };
		BE1E56772A8E718A0095E568 /* JColors.app */ = {isa = PBXFileReference; explicitFileType = wrapper.application; includeInIndex = 0; path = JColors.app; sourceTree = BUILT_PRODUCTS_DIR; };
		BE1E567A2A8E718A0095E568 /* JColorsApp.swift */ = {isa = PBXFileReference; lastKnownFileType = sourcecode.swift; path = JColorsApp.swift; sourceTree = "<group>"; };
		BE1E567C2A8E718A0095E568 /* ContentView.swift */ = {isa = PBXFileReference; lastKnownFileType = sourcecode.swift; path = ContentView.swift; sourceTree = "<group>"; };
		BE1E567E2A8E718B0095E568 /* Assets.xcassets */ = {isa = PBXFileReference; lastKnownFileType = folder.assetcatalog; path = Assets.xcassets; sourceTree = "<group>"; };
		BE1E56802A8E718B0095E568 /* JColors.entitlements */ = {isa = PBXFileReference; lastKnownFileType = text.plist.entitlements; path = JColors.entitlements; sourceTree = "<group>"; };
		BE1E56822A8E718B0095E568 /* Preview Assets.xcassets */ = {isa = PBXFileReference; lastKnownFileType = folder.assetcatalog; path = "Preview Assets.xcassets"; sourceTree = "<group>"; };
		BE236B3B2AA2D1470016D987 /* FullscreenColorView.swift */ = {isa = PBXFileReference; lastKnownFileType = sourcecode.swift; path = FullscreenColorView.swift; sourceTree = "<group>"; };
		BE51B1B82A93422600C6A3A5 /* IAPManager.swift */ = {isa = PBXFileReference; fileEncoding = 4; lastKnownFileType = sourcecode.swift; path = IAPManager.swift; sourceTree = "<group>"; };
		BE51B1BA2A9342EF00C6A3A5 /* ProView.swift */ = {isa = PBXFileReference; fileEncoding = 4; lastKnownFileType = sourcecode.swift; path = ProView.swift; sourceTree = "<group>"; };
		BE51B1BC2A93431600C6A3A5 /* SwiftyUserDefaults.swift */ = {isa = PBXFileReference; fileEncoding = 4; lastKnownFileType = sourcecode.swift; path = SwiftyUserDefaults.swift; sourceTree = "<group>"; };
		BE51B1BE2A9343EC00C6A3A5 /* SKProductExtensions.swift */ = {isa = PBXFileReference; fileEncoding = 4; lastKnownFileType = sourcecode.swift; path = SKProductExtensions.swift; sourceTree = "<group>"; };
		BE51B1C02A93442900C6A3A5 /* CardReflectionView.swift */ = {isa = PBXFileReference; fileEncoding = 4; lastKnownFileType = sourcecode.swift; path = CardReflectionView.swift; sourceTree = "<group>"; };
		BE51B1C32A93446000C6A3A5 /* LoadingView.swift */ = {isa = PBXFileReference; fileEncoding = 4; lastKnownFileType = sourcecode.swift; path = LoadingView.swift; sourceTree = "<group>"; };
		BE51B1C52A93676A00C6A3A5 /* Styles.swift */ = {isa = PBXFileReference; fileEncoding = 4; lastKnownFileType = sourcecode.swift; path = Styles.swift; sourceTree = "<group>"; };
		BE64CBF72A90D051004FD3C8 /* 6.json */ = {isa = PBXFileReference; fileEncoding = 4; lastKnownFileType = text.json; path = 6.json; sourceTree = "<group>"; };
		BE64CBF82A90D051004FD3C8 /* 7.json */ = {isa = PBXFileReference; fileEncoding = 4; lastKnownFileType = text.json; path = 7.json; sourceTree = "<group>"; };
		BE64CBF92A90D051004FD3C8 /* 10.json */ = {isa = PBXFileReference; fileEncoding = 4; lastKnownFileType = text.json; path = 10.json; sourceTree = "<group>"; };
		BE64CBFA2A90D051004FD3C8 /* 1.json */ = {isa = PBXFileReference; fileEncoding = 4; lastKnownFileType = text.json; path = 1.json; sourceTree = "<group>"; };
		BE64CBFB2A90D051004FD3C8 /* 11.json */ = {isa = PBXFileReference; fileEncoding = 4; lastKnownFileType = text.json; path = 11.json; sourceTree = "<group>"; };
		BE64CBFC2A90D051004FD3C8 /* 2.json */ = {isa = PBXFileReference; fileEncoding = 4; lastKnownFileType = text.json; path = 2.json; sourceTree = "<group>"; };
		BE64CBFD2A90D051004FD3C8 /* 12.json */ = {isa = PBXFileReference; fileEncoding = 4; lastKnownFileType = text.json; path = 12.json; sourceTree = "<group>"; };
		BE64CBFE2A90D051004FD3C8 /* 3.json */ = {isa = PBXFileReference; fileEncoding = 4; lastKnownFileType = text.json; path = 3.json; sourceTree = "<group>"; };
		BE64CBFF2A90D051004FD3C8 /* 8.json */ = {isa = PBXFileReference; fileEncoding = 4; lastKnownFileType = text.json; path = 8.json; sourceTree = "<group>"; };
		BE64CC002A90D051004FD3C8 /* 4.json */ = {isa = PBXFileReference; fileEncoding = 4; lastKnownFileType = text.json; path = 4.json; sourceTree = "<group>"; };
		BE64CC012A90D051004FD3C8 /* 5.json */ = {isa = PBXFileReference; fileEncoding = 4; lastKnownFileType = text.json; path = 5.json; sourceTree = "<group>"; };
		BE64CC022A90D051004FD3C8 /* 9.json */ = {isa = PBXFileReference; fileEncoding = 4; lastKnownFileType = text.json; path = 9.json; sourceTree = "<group>"; };
		BE64CC042A90D051004FD3C8 /* purple.json */ = {isa = PBXFileReference; fileEncoding = 4; lastKnownFileType = text.json; path = purple.json; sourceTree = "<group>"; };
		BE64CC052A90D051004FD3C8 /* black.json */ = {isa = PBXFileReference; fileEncoding = 4; lastKnownFileType = text.json; path = black.json; sourceTree = "<group>"; };
		BE64CC062A90D051004FD3C8 /* red.json */ = {isa = PBXFileReference; fileEncoding = 4; lastKnownFileType = text.json; path = red.json; sourceTree = "<group>"; };
		BE64CC072A90D051004FD3C8 /* orange.json */ = {isa = PBXFileReference; fileEncoding = 4; lastKnownFileType = text.json; path = orange.json; sourceTree = "<group>"; };
		BE64CC082A90D051004FD3C8 /* green.json */ = {isa = PBXFileReference; fileEncoding = 4; lastKnownFileType = text.json; path = green.json; sourceTree = "<group>"; };
		BE64CC092A90D051004FD3C8 /* brown.json */ = {isa = PBXFileReference; fileEncoding = 4; lastKnownFileType = text.json; path = brown.json; sourceTree = "<group>"; };
		BE64CC0A2A90D051004FD3C8 /* blue.json */ = {isa = PBXFileReference; fileEncoding = 4; lastKnownFileType = text.json; path = blue.json; sourceTree = "<group>"; };
		BE64CC0B2A90D051004FD3C8 /* yellow.json */ = {isa = PBXFileReference; fileEncoding = 4; lastKnownFileType = text.json; path = yellow.json; sourceTree = "<group>"; };
		BE64CC0C2A90D051004FD3C8 /* white.json */ = {isa = PBXFileReference; fileEncoding = 4; lastKnownFileType = text.json; path = white.json; sourceTree = "<group>"; };
		BE64CC0D2A90D051004FD3C8 /* pink.json */ = {isa = PBXFileReference; fileEncoding = 4; lastKnownFileType = text.json; path = pink.json; sourceTree = "<group>"; };
		BE64CC0E2A90D051004FD3C8 /* gray.json */ = {isa = PBXFileReference; fileEncoding = 4; lastKnownFileType = text.json; path = gray.json; sourceTree = "<group>"; };
		BE9E5CFF2A8E855A0003D53D /* ColorExtensions.swift */ = {isa = PBXFileReference; fileEncoding = 4; lastKnownFileType = sourcecode.swift; path = ColorExtensions.swift; sourceTree = "<group>"; };
		BE9E5D012A8E9EA40003D53D /* Constants.swift */ = {isa = PBXFileReference; fileEncoding = 4; lastKnownFileType = sourcecode.swift; path = Constants.swift; sourceTree = "<group>"; };
		BEA4AFF22A9066A6004FD8F5 /* StringExtensions.swift */ = {isa = PBXFileReference; fileEncoding = 4; lastKnownFileType = sourcecode.swift; path = StringExtensions.swift; sourceTree = "<group>"; };
		BEA4AFF72A906718004FD8F5 /* CategoryType.swift */ = {isa = PBXFileReference; lastKnownFileType = sourcecode.swift; path = CategoryType.swift; sourceTree = "<group>"; };
		BEA4AFFC2A90674C004FD8F5 /* zh-Hans */ = {isa = PBXFileReference; lastKnownFileType = text.plist.strings; name = "zh-Hans"; path = "zh-Hans.lproj/Localizable.strings"; sourceTree = "<group>"; };
		BEA4AFFE2A907B0D004FD8F5 /* ColorCard.swift */ = {isa = PBXFileReference; lastKnownFileType = sourcecode.swift; path = ColorCard.swift; sourceTree = "<group>"; };
		BEE65FD82A8E7FE70039B287 /* ColorModel.swift */ = {isa = PBXFileReference; lastKnownFileType = sourcecode.swift; path = ColorModel.swift; sourceTree = "<group>"; };
		BEEE07422A9302BC00354879 /* DateExtensions.swift */ = {isa = PBXFileReference; fileEncoding = 4; lastKnownFileType = sourcecode.swift; path = DateExtensions.swift; sourceTree = "<group>"; };
		BEEE074A2A93264400354879 /* ContainerConfigurationForQueueMessage.swift */ = {isa = PBXFileReference; fileEncoding = 4; lastKnownFileType = sourcecode.swift; path = ContainerConfigurationForQueueMessage.swift; sourceTree = "<group>"; };
		BEEE074C2A93264F00354879 /* MessageView.swift */ = {isa = PBXFileReference; fileEncoding = 4; lastKnownFileType = sourcecode.swift; path = MessageView.swift; sourceTree = "<group>"; };
		BEFC5F112A8FC5E4004A2F1D /* ViewExtensions.swift */ = {isa = PBXFileReference; lastKnownFileType = sourcecode.swift; path = ViewExtensions.swift; sourceTree = "<group>"; };
		BEFC5F132A8FC9EF004A2F1D /* ButtonStyle.swift */ = {isa = PBXFileReference; lastKnownFileType = sourcecode.swift; path = ButtonStyle.swift; sourceTree = "<group>"; };
		BEFC5F152A8FD1A7004A2F1D /* Info.plist */ = {isa = PBXFileReference; lastKnownFileType = text.plist; path = Info.plist; sourceTree = "<group>"; };
		02DE8CAD17472F247F27D287 /* ColorCatalog.swift */ = {isa = PBXFileReference; lastKnownFileType = sourcecode.swift; path = "ColorCatalog.swift"; sourceTree = "<group>"; };
		1FFD0CC699C590763481B256 /* ModelTool.swift */ = {isa = PBXFileReference; lastKnownFileType = sourcecode.swift; path = "ModelTool.swift"; sourceTree = "<group>"; };
		4A01FF20D7FF4E03BDAF48EC /* FavoritesStore.swift */ = {isa = PBXFileReference; lastKnownFileType = sourcecode.swift; path = "FavoritesStore.swift"; sourceTree = "<group>"; };
		08DAF12C8B435FAD121C7C6A /* AppRoute.swift */ = {isa = PBXFileReference; lastKnownFileType = sourcecode.swift; path = "AppRoute.swift"; sourceTree = "<group>"; };
		71E0324F006B81EEEE0B3EB7 /* ColorLibraryView.swift */ = {isa = PBXFileReference; lastKnownFileType = sourcecode.swift; path = "ColorLibraryView.swift"; sourceTree = "<group>"; };
		9DA16C142D93EA6B6555988E /* FavoriteButton.swift */ = {isa = PBXFileReference; lastKnownFileType = sourcecode.swift; path = "FavoriteButton.swift"; sourceTree = "<group>"; };
		F3E6D7BED414E05696FA56C1 /* WidgetAccess.swift */ = {isa = PBXFileReference; lastKnownFileType = sourcecode.swift; path = "WidgetAccess.swift"; sourceTree = "<group>"; };
		56A35DE0F369260A8F622FF4 /* JColors-iOS.entitlements */ = {isa = PBXFileReference; lastKnownFileType = text.plist.entitlements; path = "JColors-iOS.entitlements"; sourceTree = "<group>"; };
		571332B5E3D960830F5F80F7 /* DailyColorWidget.swift */ = {isa = PBXFileReference; lastKnownFileType = sourcecode.swift; path = "DailyColorWidget.swift"; sourceTree = "<group>"; };
		E81DF8EF57FE9FD3DC5F0875 /* DailyColorSchedule.swift */ = {isa = PBXFileReference; lastKnownFileType = sourcecode.swift; path = "DailyColorSchedule.swift"; sourceTree = "<group>"; };
		5D6DB695F769731330FCE978 /* Info.plist */ = {isa = PBXFileReference; lastKnownFileType = text.xml; path = "Info.plist"; sourceTree = "<group>"; };
		FE8FF2A488FCE77041B0B66C /* JColorsWidgets-iOS.entitlements */ = {isa = PBXFileReference; lastKnownFileType = text.plist.entitlements; path = "JColorsWidgets-iOS.entitlements"; sourceTree = "<group>"; };
		BF63AA667559CFECAD96A013 /* JColorsWidgets-macOS.entitlements */ = {isa = PBXFileReference; lastKnownFileType = text.plist.entitlements; path = "JColorsWidgets-macOS.entitlements"; sourceTree = "<group>"; };
		CC046A71ADE8B8DE8969FA84 /* PrivacyInfo.xcprivacy */ = {isa = PBXFileReference; lastKnownFileType = text.xml; path = "PrivacyInfo.xcprivacy"; sourceTree = "<group>"; };
		798FCCA4A22A9BDC5BAA5345 /* JColorsWidgetsiOS.appex */ = {isa = PBXFileReference; explicitFileType = "wrapper.app-extension"; includeInIndex = 0; path = JColorsWidgetsiOS.appex; sourceTree = BUILT_PRODUCTS_DIR; };
		237048014E123F0F4754503B /* JColorsWidgetsmacOS.appex */ = {isa = PBXFileReference; explicitFileType = "wrapper.app-extension"; includeInIndex = 0; path = JColorsWidgetsmacOS.appex; sourceTree = BUILT_PRODUCTS_DIR; };
/* End PBXFileReference section */

/* Begin PBXFrameworksBuildPhase section */
		BE1E56742A8E718A0095E568 /* Frameworks */ = {
			isa = PBXFrameworksBuildPhase;
			buildActionMask = 2147483647;
			files = (
				BEEE07492A93261000354879 /* SwiftUIOverlayContainer in Frameworks */,
				BE781CBA2CA1A9E60022C4B8 /* RevenueCat in Frameworks */,
				BE781CBD2CA1AE5F0022C4B8 /* ColorfulX in Frameworks */,
			);
			runOnlyForDeploymentPostprocessing = 0;
		};
		D4C9C19BE0D77FA544779426 /* JColorsWidgetsiOS */ = {
			isa = PBXFrameworksBuildPhase;
			buildActionMask = 2147483647;
			files = (
			);
			runOnlyForDeploymentPostprocessing = 0;
		};
		8EB096F91E333378180BA6B6 /* JColorsWidgetsmacOS */ = {
			isa = PBXFrameworksBuildPhase;
			buildActionMask = 2147483647;
			files = (
			);
			runOnlyForDeploymentPostprocessing = 0;
		};
/* End PBXFrameworksBuildPhase section */

/* Begin PBXGroup section */
		BE1E566E2A8E718A0095E568 = {
			isa = PBXGroup;
			children = (
				0D13F28A43E8C9575F3DCDF3 /* JColorsWidgets */,
				BE1E56792A8E718A0095E568 /* JColors */,
				BE1E56782A8E718A0095E568 /* Products */,
			);
			indentWidth = 2;
			sourceTree = "<group>";
			tabWidth = 2;
		};
		BE1E56782A8E718A0095E568 /* Products */ = {
			isa = PBXGroup;
			children = (
				237048014E123F0F4754503B /* JColorsWidgetsmacOS.appex */,
				798FCCA4A22A9BDC5BAA5345 /* JColorsWidgetsiOS.appex */,
				BE1E56772A8E718A0095E568 /* JColors.app */,
			);
			name = Products;
			sourceTree = "<group>";
		};
		BE1E56792A8E718A0095E568 /* JColors */ = {
			isa = PBXGroup;
			children = (
				BEFC5F152A8FD1A7004A2F1D /* Info.plist */,
				C07E20260912000000000002 /* PrivacyInfo.xcprivacy */,
				BE1E567A2A8E718A0095E568 /* JColorsApp.swift */,
				BE1E567C2A8E718A0095E568 /* ContentView.swift */,
				BE9E5D012A8E9EA40003D53D /* Constants.swift */,
				BE51B1B82A93422600C6A3A5 /* IAPManager.swift */,
				BE1E567E2A8E718B0095E568 /* Assets.xcassets */,
				BE1E56802A8E718B0095E568 /* JColors.entitlements */,
				BEA4AFFD2A90674C004FD8F5 /* Localizable.strings */,
				BE51B1C22A93442F00C6A3A5 /* Views */,
				BEA4AFF42A9066D4004FD8F5 /* Models */,
				BEA4AFF52A9066DB004FD8F5 /* Extensions */,
				BEA4AFF62A9066EF004FD8F5 /* SwiftUIStyles */,
				BE64CC032A90D051004FD3C8 /* scripts/byColor */,
				BE64CBF62A90D051004FD3C8 /* scripts/byMonth */,
				BE1E56812A8E718B0095E568 /* Preview Content */,
				E6C76F0D2C86CE518B76AFFD /* Shared */,
				56A35DE0F369260A8F622FF4 /* JColors-iOS.entitlements */,
			);
			path = JColors;
			sourceTree = "<group>";
		};
		BE1E56812A8E718B0095E568 /* Preview Content */ = {
			isa = PBXGroup;
			children = (
				BE1E56822A8E718B0095E568 /* Preview Assets.xcassets */,
			);
			path = "Preview Content";
			sourceTree = "<group>";
		};
		BE51B1C22A93442F00C6A3A5 /* Views */ = {
			isa = PBXGroup;
			children = (
				BEA4AFFE2A907B0D004FD8F5 /* ColorCard.swift */,
				BE236B3B2AA2D1470016D987 /* FullscreenColorView.swift */,
				BE51B1BA2A9342EF00C6A3A5 /* ProView.swift */,
				BEEE074C2A93264F00354879 /* MessageView.swift */,
				BE51B1C02A93442900C6A3A5 /* CardReflectionView.swift */,
				BE51B1C32A93446000C6A3A5 /* LoadingView.swift */,
				71E0324F006B81EEEE0B3EB7 /* ColorLibraryView.swift */,
				9DA16C142D93EA6B6555988E /* FavoriteButton.swift */,
			);
			path = Views;
			sourceTree = "<group>";
		};
		BE64CBF62A90D051004FD3C8 /* byMonth */ = {
			isa = PBXGroup;
			children = (
				BE64CBF72A90D051004FD3C8 /* 6.json */,
				BE64CBF82A90D051004FD3C8 /* 7.json */,
				BE64CBF92A90D051004FD3C8 /* 10.json */,
				BE64CBFA2A90D051004FD3C8 /* 1.json */,
				BE64CBFB2A90D051004FD3C8 /* 11.json */,
				BE64CBFC2A90D051004FD3C8 /* 2.json */,
				BE64CBFD2A90D051004FD3C8 /* 12.json */,
				BE64CBFE2A90D051004FD3C8 /* 3.json */,
				BE64CBFF2A90D051004FD3C8 /* 8.json */,
				BE64CC002A90D051004FD3C8 /* 4.json */,
				BE64CC012A90D051004FD3C8 /* 5.json */,
				BE64CC022A90D051004FD3C8 /* 9.json */,
			);
			name = byMonth;
			path = scripts/byMonth;
			sourceTree = SOURCE_ROOT;
		};
		BE64CC032A90D051004FD3C8 /* byColor */ = {
			isa = PBXGroup;
			children = (
				BE64CC042A90D051004FD3C8 /* purple.json */,
				BE64CC052A90D051004FD3C8 /* black.json */,
				BE64CC062A90D051004FD3C8 /* red.json */,
				BE64CC072A90D051004FD3C8 /* orange.json */,
				BE64CC082A90D051004FD3C8 /* green.json */,
				BE64CC092A90D051004FD3C8 /* brown.json */,
				BE64CC0A2A90D051004FD3C8 /* blue.json */,
				BE64CC0B2A90D051004FD3C8 /* yellow.json */,
				BE64CC0C2A90D051004FD3C8 /* white.json */,
				BE64CC0D2A90D051004FD3C8 /* pink.json */,
				BE64CC0E2A90D051004FD3C8 /* gray.json */,
			);
			name = byColor;
			path = scripts/byColor;
			sourceTree = SOURCE_ROOT;
		};
		BEA4AFF42A9066D4004FD8F5 /* Models */ = {
			isa = PBXGroup;
			children = (
				BEE65FD82A8E7FE70039B287 /* ColorModel.swift */,
				BEA4AFF72A906718004FD8F5 /* CategoryType.swift */,
				BEEE074A2A93264400354879 /* ContainerConfigurationForQueueMessage.swift */,
				BE51B1BC2A93431600C6A3A5 /* SwiftyUserDefaults.swift */,
				02DE8CAD17472F247F27D287 /* ColorCatalog.swift */,
				1FFD0CC699C590763481B256 /* ModelTool.swift */,
				4A01FF20D7FF4E03BDAF48EC /* FavoritesStore.swift */,
				08DAF12C8B435FAD121C7C6A /* AppRoute.swift */,
			);
			path = Models;
			sourceTree = "<group>";
		};
		BEA4AFF52A9066DB004FD8F5 /* Extensions */ = {
			isa = PBXGroup;
			children = (
				BE9E5CFF2A8E855A0003D53D /* ColorExtensions.swift */,
				BEFC5F112A8FC5E4004A2F1D /* ViewExtensions.swift */,
				BEA4AFF22A9066A6004FD8F5 /* StringExtensions.swift */,
				BEEE07422A9302BC00354879 /* DateExtensions.swift */,
				BE51B1BE2A9343EC00C6A3A5 /* SKProductExtensions.swift */,
			);
			path = Extensions;
			sourceTree = "<group>";
		};
		BEA4AFF62A9066EF004FD8F5 /* SwiftUIStyles */ = {
			isa = PBXGroup;
			children = (
				BEFC5F132A8FC9EF004A2F1D /* ButtonStyle.swift */,
				BE51B1C52A93676A00C6A3A5 /* Styles.swift */,
			);
			path = SwiftUIStyles;
			sourceTree = "<group>";
		};
		E6C76F0D2C86CE518B76AFFD /* Shared */ = {
			isa = PBXGroup;
			children = (F3E6D7BED414E05696FA56C1 /* WidgetAccess.swift */,);
			path = Shared;
			sourceTree = "<group>";
		};
		0D13F28A43E8C9575F3DCDF3 /* JColorsWidgets */ = {
			isa = PBXGroup;
			children = (
				571332B5E3D960830F5F80F7 /* DailyColorWidget.swift */,
				E81DF8EF57FE9FD3DC5F0875 /* DailyColorSchedule.swift */,
				5D6DB695F769731330FCE978 /* Info.plist */,
				FE8FF2A488FCE77041B0B66C /* JColorsWidgets-iOS.entitlements */,
				BF63AA667559CFECAD96A013 /* JColorsWidgets-macOS.entitlements */,
				CC046A71ADE8B8DE8969FA84 /* PrivacyInfo.xcprivacy */,
			);
			path = JColorsWidgets;
			sourceTree = "<group>";
		};
/* End PBXGroup section */

/* Begin PBXNativeTarget section */
		BE1E56762A8E718A0095E568 /* JColors */ = {
			isa = PBXNativeTarget;
			buildConfigurationList = BE1E56862A8E718B0095E568 /* Build configuration list for PBXNativeTarget "JColors" */;
			buildPhases = (
				BE1E56732A8E718A0095E568 /* Sources */,
				BE1E56742A8E718A0095E568 /* Frameworks */,
				BE1E56752A8E718A0095E568 /* Resources */,
				7FC628ACAA24D50FEF763B3D /* Embed App Extensions */,
			);
			buildRules = (
			);
			dependencies = (
				4EB8097A5D421E85EB8F0431 /* PBXTargetDependency */,
				054A1D2150FA8444C4727572 /* PBXTargetDependency */,
			);
			name = JColors;
			packageProductDependencies = (
				BEEE07482A93261000354879 /* SwiftUIOverlayContainer */,
				BE781CB92CA1A9E60022C4B8 /* RevenueCat */,
				BE781CBC2CA1AE5F0022C4B8 /* ColorfulX */,
			);
			productName = JColors;
			productReference = BE1E56772A8E718A0095E568 /* JColors.app */;
			productType = "com.apple.product-type.application";
		};
		A88A54229BF512C199D0A9C5 /* JColorsWidgetsiOS */ = {
			isa = PBXNativeTarget;
			buildConfigurationList = E10E2794812011102ED4B08D /* JColorsWidgetsiOS */;
			buildPhases = (4260CB824A0766565779277A /* Sources */, D4C9C19BE0D77FA544779426 /* Frameworks */, 4DBC02293C309B0940951857 /* Resources */,);
			buildRules = ();
			dependencies = ();
			name = JColorsWidgetsiOS;
			productName = JColorsWidgetsiOS;
			productReference = 798FCCA4A22A9BDC5BAA5345 /* JColorsWidgetsiOS.appex */;
			productType = "com.apple.product-type.app-extension";
		};
		936A77ABEF851F52A7EF45AF /* JColorsWidgetsmacOS */ = {
			isa = PBXNativeTarget;
			buildConfigurationList = 125E6E6E3D5D3DFD3E6031A5 /* JColorsWidgetsmacOS */;
			buildPhases = (8731A99F1A16D4F3727473AA /* Sources */, 8EB096F91E333378180BA6B6 /* Frameworks */, 9E4E4E9DC4B9F7FAD1A61CB1 /* Resources */,);
			buildRules = ();
			dependencies = ();
			name = JColorsWidgetsmacOS;
			productName = JColorsWidgetsmacOS;
			productReference = 237048014E123F0F4754503B /* JColorsWidgetsmacOS.appex */;
			productType = "com.apple.product-type.app-extension";
		};
/* End PBXNativeTarget section */

/* Begin PBXProject section */
		BE1E566F2A8E718A0095E568 /* Project object */ = {
			isa = PBXProject;
			attributes = {
				BuildIndependentTargetsInParallel = 1;
				LastSwiftUpdateCheck = 1430;
				LastUpgradeCheck = 1430;
				TargetAttributes = {
					BE1E56762A8E718A0095E568 = {
						CreatedOnToolsVersion = 14.3.1;
					};
				};
			};
			buildConfigurationList = BE1E56722A8E718A0095E568 /* Build configuration list for PBXProject "JColors" */;
			compatibilityVersion = "Xcode 14.0";
			developmentRegion = "zh-Hans";
			hasScannedForEncodings = 0;
			knownRegions = (
				Base,
				"zh-Hans",
			);
			mainGroup = BE1E566E2A8E718A0095E568;
			packageReferences = (
				BEEE07472A93261000354879 /* XCRemoteSwiftPackageReference "SwiftUIOverlayContainer" */,
				BE781CB82CA1A9E60022C4B8 /* XCRemoteSwiftPackageReference "purchases-ios-spm" */,
				BE781CBB2CA1AE5F0022C4B8 /* XCRemoteSwiftPackageReference "ColorfulX" */,
			);
			productRefGroup = BE1E56782A8E718A0095E568 /* Products */;
			projectDirPath = "";
			projectRoot = "";
			targets = (
				936A77ABEF851F52A7EF45AF /* JColorsWidgetsmacOS */,
				A88A54229BF512C199D0A9C5 /* JColorsWidgetsiOS */,
				BE1E56762A8E718A0095E568 /* JColors */,
			);
		};
/* End PBXProject section */

/* Begin PBXResourcesBuildPhase section */
		BE1E56752A8E718A0095E568 /* Resources */ = {
			isa = PBXResourcesBuildPhase;
			buildActionMask = 2147483647;
			files = (
				C07E20260912000000000001 /* PrivacyInfo.xcprivacy in Resources */,
				BE64CC1A2A90D051004FD3C8 /* 9.json in Resources */,
				BE64CC182A90D051004FD3C8 /* 4.json in Resources */,
				BE64CC192A90D051004FD3C8 /* 5.json in Resources */,
				BE64CC112A90D051004FD3C8 /* 10.json in Resources */,
				BE64CC132A90D051004FD3C8 /* 11.json in Resources */,
				BE64CC172A90D051004FD3C8 /* 8.json in Resources */,
				BE64CC162A90D051004FD3C8 /* 3.json in Resources */,
				BE64CC142A90D051004FD3C8 /* 2.json in Resources */,
				BE64CC102A90D051004FD3C8 /* 7.json in Resources */,
				BE64CC0F2A90D051004FD3C8 /* 6.json in Resources */,
				BE64CC1E2A90D051004FD3C8 /* orange.json in Resources */,
				BE64CC232A90D051004FD3C8 /* white.json in Resources */,
				BE1E56832A8E718B0095E568 /* Preview Assets.xcassets in Resources */,
				BE64CC1D2A90D051004FD3C8 /* red.json in Resources */,
				BE64CC1B2A90D051004FD3C8 /* purple.json in Resources */,
				BE64CC202A90D051004FD3C8 /* brown.json in Resources */,
				BEA4AFFB2A90674C004FD8F5 /* Localizable.strings in Resources */,
				BE64CC1F2A90D051004FD3C8 /* green.json in Resources */,
				BE64CC122A90D051004FD3C8 /* 1.json in Resources */,
				BE64CC1C2A90D051004FD3C8 /* black.json in Resources */,
				BE64CC252A90D051004FD3C8 /* gray.json in Resources */,
				BE64CC242A90D051004FD3C8 /* pink.json in Resources */,
				BE64CC212A90D051004FD3C8 /* blue.json in Resources */,
				BE64CC222A90D051004FD3C8 /* yellow.json in Resources */,
				BE64CC152A90D051004FD3C8 /* 12.json in Resources */,
				BE1E567F2A8E718B0095E568 /* Assets.xcassets in Resources */,
			);
			runOnlyForDeploymentPostprocessing = 0;
		};
		4DBC02293C309B0940951857 /* JColorsWidgetsiOS */ = {
			isa = PBXResourcesBuildPhase;
			buildActionMask = 2147483647;
			files = (
				F8FA7220E419E695B328125E /* 1.json in JColorsWidgetsiOS Resources */,
				97F6A94428A38C257E1C9B9C /* 2.json in JColorsWidgetsiOS Resources */,
				C886E225F1258AA4C294CAF9 /* 3.json in JColorsWidgetsiOS Resources */,
				C770E8461494E577F6CCFD50 /* 4.json in JColorsWidgetsiOS Resources */,
				78C02D6C8A0B1838F6A30963 /* 5.json in JColorsWidgetsiOS Resources */,
				3E90EC4B24D30C02A62E2CED /* 6.json in JColorsWidgetsiOS Resources */,
				B3FA3FEC1D739EDA4FFAB5C5 /* 7.json in JColorsWidgetsiOS Resources */,
				E33806731DFB16ADC217A0B1 /* 8.json in JColorsWidgetsiOS Resources */,
				B1BADDDC762DF06DCE32113D /* 9.json in JColorsWidgetsiOS Resources */,
				349A1603B71D9CFDD4AF524C /* 10.json in JColorsWidgetsiOS Resources */,
				0C409F3C65F2BBD14A5C02AF /* 11.json in JColorsWidgetsiOS Resources */,
				B9D4347F6AC928A3ACAE0F05 /* 12.json in JColorsWidgetsiOS Resources */,
				01180F37BB462E7F7D51C6A6 /* PrivacyInfo.xcprivacy in JColorsWidgetsiOS Resources */,
			);
			runOnlyForDeploymentPostprocessing = 0;
		};
		9E4E4E9DC4B9F7FAD1A61CB1 /* JColorsWidgetsmacOS */ = {
			isa = PBXResourcesBuildPhase;
			buildActionMask = 2147483647;
			files = (
				E6D39FDAF280BA6C9D6F29E7 /* 1.json in JColorsWidgetsmacOS Resources */,
				38C20E7C68CC8380542DC2FC /* 2.json in JColorsWidgetsmacOS Resources */,
				C44AAC8B94CC4E14EE5AC7DE /* 3.json in JColorsWidgetsmacOS Resources */,
				661083BEF890CB0D0C7B7890 /* 4.json in JColorsWidgetsmacOS Resources */,
				76F41488F4AB0FD720E369DD /* 5.json in JColorsWidgetsmacOS Resources */,
				A749D382CA4E38958CBB7FF7 /* 6.json in JColorsWidgetsmacOS Resources */,
				7396D946855F50A975CF1DD6 /* 7.json in JColorsWidgetsmacOS Resources */,
				732C7F184DACEADA695D7C6F /* 8.json in JColorsWidgetsmacOS Resources */,
				ECE7D6C7F4693853EE0F7B0A /* 9.json in JColorsWidgetsmacOS Resources */,
				919681B523361A3D72DF36D2 /* 10.json in JColorsWidgetsmacOS Resources */,
				F52AE6FDCCCCA499BA928682 /* 11.json in JColorsWidgetsmacOS Resources */,
				23B87B155168D90F97F007BA /* 12.json in JColorsWidgetsmacOS Resources */,
				302347F7257E777931D49C9C /* PrivacyInfo.xcprivacy in JColorsWidgetsmacOS Resources */,
			);
			runOnlyForDeploymentPostprocessing = 0;
		};
/* End PBXResourcesBuildPhase section */

/* Begin PBXSourcesBuildPhase section */
		BE1E56732A8E718A0095E568 /* Sources */ = {
			isa = PBXSourcesBuildPhase;
			buildActionMask = 2147483647;
			files = (
				BE51B1BD2A93431600C6A3A5 /* SwiftyUserDefaults.swift in Sources */,
				BE51B1B92A93422600C6A3A5 /* IAPManager.swift in Sources */,
				BE1E567D2A8E718A0095E568 /* ContentView.swift in Sources */,
				BEFC5F142A8FC9EF004A2F1D /* ButtonStyle.swift in Sources */,
				BEFC5F122A8FC5E4004A2F1D /* ViewExtensions.swift in Sources */,
				BE51B1C12A93442900C6A3A5 /* CardReflectionView.swift in Sources */,
				BEA4AFFF2A907B0D004FD8F5 /* ColorCard.swift in Sources */,
				BE51B1BF2A9343EC00C6A3A5 /* SKProductExtensions.swift in Sources */,
				BEA4AFF82A906718004FD8F5 /* CategoryType.swift in Sources */,
				BEEE074D2A93264F00354879 /* MessageView.swift in Sources */,
				BEEE07432A9302BC00354879 /* DateExtensions.swift in Sources */,
				BE51B1C62A93676A00C6A3A5 /* Styles.swift in Sources */,
				BE51B1BB2A9342EF00C6A3A5 /* ProView.swift in Sources */,
				BE236B3C2AA2D1470016D987 /* FullscreenColorView.swift in Sources */,
				BEA4AFF32A9066A6004FD8F5 /* StringExtensions.swift in Sources */,
				BE9E5D002A8E855A0003D53D /* ColorExtensions.swift in Sources */,
				BE1E567B2A8E718A0095E568 /* JColorsApp.swift in Sources */,
				BEE65FD92A8E7FE70039B287 /* ColorModel.swift in Sources */,
				BEEE074B2A93264400354879 /* ContainerConfigurationForQueueMessage.swift in Sources */,
				BE51B1C42A93446000C6A3A5 /* LoadingView.swift in Sources */,
				BE9E5D022A8E9EA50003D53D /* Constants.swift in Sources */,
				BE7786CD7FFF7E3BB99711BD /* ColorCatalog.swift in Sources */,
				A5E3BAF3403B5C461AD020A4 /* ModelTool.swift in Sources */,
				54E0AACD9A4D677C42A91018 /* FavoritesStore.swift in Sources */,
				1250334D2C73A153278A4C08 /* AppRoute.swift in Sources */,
				5B634F9F9D7708457DF3196C /* ColorLibraryView.swift in Sources */,
				3848B6597DB4C58D5C0A79EA /* FavoriteButton.swift in Sources */,
				F99BC3CC6BC08DD573976CB2 /* WidgetAccess.swift in Sources */,
			);
			runOnlyForDeploymentPostprocessing = 0;
		};
		4260CB824A0766565779277A /* JColorsWidgetsiOS */ = {
			isa = PBXSourcesBuildPhase;
			buildActionMask = 2147483647;
			files = (
				00363ADEF1A096F59F1BE2E6 /* DailyColorWidget.swift in JColorsWidgetsiOS Sources */,
				5477D1D8919154B8DAF55118 /* DailyColorSchedule.swift in JColorsWidgetsiOS Sources */,
				B497D03CAC8246A351639045 /* WidgetAccess.swift in JColorsWidgetsiOS Sources */,
				4454D00BDDDD198CDAF1F69A /* ColorCatalog.swift in JColorsWidgetsiOS Sources */,
				2182B325C48B9BC9C551217A /* ColorModel.swift in JColorsWidgetsiOS Sources */,
				B718FF826AE27DC56D26CA43 /* ColorExtensions.swift in JColorsWidgetsiOS Sources */,
			);
			runOnlyForDeploymentPostprocessing = 0;
		};
		8731A99F1A16D4F3727473AA /* JColorsWidgetsmacOS */ = {
			isa = PBXSourcesBuildPhase;
			buildActionMask = 2147483647;
			files = (
				CEFA06709C43BCED869D14BF /* DailyColorWidget.swift in JColorsWidgetsmacOS Sources */,
				5B1431B9F3BBEDDD8C09E292 /* DailyColorSchedule.swift in JColorsWidgetsmacOS Sources */,
				DB704D72ECF400B7CFB6642D /* WidgetAccess.swift in JColorsWidgetsmacOS Sources */,
				9238973148DB62FBE16E6258 /* ColorCatalog.swift in JColorsWidgetsmacOS Sources */,
				77F51E0082A5C4B3D10B85F3 /* ColorModel.swift in JColorsWidgetsmacOS Sources */,
				6091E7DB2BBCF731A6A5D816 /* ColorExtensions.swift in JColorsWidgetsmacOS Sources */,
			);
			runOnlyForDeploymentPostprocessing = 0;
		};
/* End PBXSourcesBuildPhase section */

/* Begin PBXVariantGroup section */
		BEA4AFFD2A90674C004FD8F5 /* Localizable.strings */ = {
			isa = PBXVariantGroup;
			children = (
				BEA4AFFC2A90674C004FD8F5 /* zh-Hans */,
			);
			name = Localizable.strings;
			sourceTree = "<group>";
		};
/* End PBXVariantGroup section */

/* Begin XCBuildConfiguration section */
		BE1E56842A8E718B0095E568 /* Debug */ = {
			isa = XCBuildConfiguration;
			buildSettings = {
				ALWAYS_SEARCH_USER_PATHS = NO;
				CLANG_ANALYZER_NONNULL = YES;
				CLANG_ANALYZER_NUMBER_OBJECT_CONVERSION = YES_AGGRESSIVE;
				CLANG_CXX_LANGUAGE_STANDARD = "gnu++20";
				CLANG_ENABLE_MODULES = YES;
				CLANG_ENABLE_OBJC_ARC = YES;
				CLANG_ENABLE_OBJC_WEAK = YES;
				CLANG_WARN_BLOCK_CAPTURE_AUTORELEASING = YES;
				CLANG_WARN_BOOL_CONVERSION = YES;
				CLANG_WARN_COMMA = YES;
				CLANG_WARN_CONSTANT_CONVERSION = YES;
				CLANG_WARN_DEPRECATED_OBJC_IMPLEMENTATIONS = YES;
				CLANG_WARN_DIRECT_OBJC_ISA_USAGE = YES_ERROR;
				CLANG_WARN_DOCUMENTATION_COMMENTS = YES;
				CLANG_WARN_EMPTY_BODY = YES;
				CLANG_WARN_ENUM_CONVERSION = YES;
				CLANG_WARN_INFINITE_RECURSION = YES;
				CLANG_WARN_INT_CONVERSION = YES;
				CLANG_WARN_NON_LITERAL_NULL_CONVERSION = YES;
				CLANG_WARN_OBJC_IMPLICIT_RETAIN_SELF = YES;
				CLANG_WARN_OBJC_LITERAL_CONVERSION = YES;
				CLANG_WARN_OBJC_ROOT_CLASS = YES_ERROR;
				CLANG_WARN_QUOTED_INCLUDE_IN_FRAMEWORK_HEADER = YES;
				CLANG_WARN_RANGE_LOOP_ANALYSIS = YES;
				CLANG_WARN_STRICT_PROTOTYPES = YES;
				CLANG_WARN_SUSPICIOUS_MOVE = YES;
				CLANG_WARN_UNGUARDED_AVAILABILITY = YES_AGGRESSIVE;
				CLANG_WARN_UNREACHABLE_CODE = YES;
				CLANG_WARN__DUPLICATE_METHOD_MATCH = YES;
				COPY_PHASE_STRIP = NO;
				DEBUG_INFORMATION_FORMAT = dwarf;
				ENABLE_STRICT_OBJC_MSGSEND = YES;
				ENABLE_TESTABILITY = YES;
				GCC_C_LANGUAGE_STANDARD = gnu11;
				GCC_DYNAMIC_NO_PIC = NO;
				GCC_NO_COMMON_BLOCKS = YES;
				GCC_OPTIMIZATION_LEVEL = 0;
				GCC_PREPROCESSOR_DEFINITIONS = (
					"DEBUG=1",
					"$(inherited)",
				);
				GCC_WARN_64_TO_32_BIT_CONVERSION = YES;
				GCC_WARN_ABOUT_RETURN_TYPE = YES_ERROR;
				GCC_WARN_UNDECLARED_SELECTOR = YES;
				GCC_WARN_UNINITIALIZED_AUTOS = YES_AGGRESSIVE;
				GCC_WARN_UNUSED_FUNCTION = YES;
				GCC_WARN_UNUSED_VARIABLE = YES;
				MTL_ENABLE_DEBUG_INFO = INCLUDE_SOURCE;
				MTL_FAST_MATH = YES;
				ONLY_ACTIVE_ARCH = YES;
				SWIFT_ACTIVE_COMPILATION_CONDITIONS = DEBUG;
				SWIFT_OPTIMIZATION_LEVEL = "-Onone";
			};
			name = Debug;
		};
		BE1E56852A8E718B0095E568 /* Release */ = {
			isa = XCBuildConfiguration;
			buildSettings = {
				ALWAYS_SEARCH_USER_PATHS = NO;
				CLANG_ANALYZER_NONNULL = YES;
				CLANG_ANALYZER_NUMBER_OBJECT_CONVERSION = YES_AGGRESSIVE;
				CLANG_CXX_LANGUAGE_STANDARD = "gnu++20";
				CLANG_ENABLE_MODULES = YES;
				CLANG_ENABLE_OBJC_ARC = YES;
				CLANG_ENABLE_OBJC_WEAK = YES;
				CLANG_WARN_BLOCK_CAPTURE_AUTORELEASING = YES;
				CLANG_WARN_BOOL_CONVERSION = YES;
				CLANG_WARN_COMMA = YES;
				CLANG_WARN_CONSTANT_CONVERSION = YES;
				CLANG_WARN_DEPRECATED_OBJC_IMPLEMENTATIONS = YES;
				CLANG_WARN_DIRECT_OBJC_ISA_USAGE = YES_ERROR;
				CLANG_WARN_DOCUMENTATION_COMMENTS = YES;
				CLANG_WARN_EMPTY_BODY = YES;
				CLANG_WARN_ENUM_CONVERSION = YES;
				CLANG_WARN_INFINITE_RECURSION = YES;
				CLANG_WARN_INT_CONVERSION = YES;
				CLANG_WARN_NON_LITERAL_NULL_CONVERSION = YES;
				CLANG_WARN_OBJC_IMPLICIT_RETAIN_SELF = YES;
				CLANG_WARN_OBJC_LITERAL_CONVERSION = YES;
				CLANG_WARN_OBJC_ROOT_CLASS = YES_ERROR;
				CLANG_WARN_QUOTED_INCLUDE_IN_FRAMEWORK_HEADER = YES;
				CLANG_WARN_RANGE_LOOP_ANALYSIS = YES;
				CLANG_WARN_STRICT_PROTOTYPES = YES;
				CLANG_WARN_SUSPICIOUS_MOVE = YES;
				CLANG_WARN_UNGUARDED_AVAILABILITY = YES_AGGRESSIVE;
				CLANG_WARN_UNREACHABLE_CODE = YES;
				CLANG_WARN__DUPLICATE_METHOD_MATCH = YES;
				COPY_PHASE_STRIP = NO;
				DEBUG_INFORMATION_FORMAT = "dwarf-with-dsym";
				ENABLE_NS_ASSERTIONS = NO;
				ENABLE_STRICT_OBJC_MSGSEND = YES;
				GCC_C_LANGUAGE_STANDARD = gnu11;
				GCC_NO_COMMON_BLOCKS = YES;
				GCC_WARN_64_TO_32_BIT_CONVERSION = YES;
				GCC_WARN_ABOUT_RETURN_TYPE = YES_ERROR;
				GCC_WARN_UNDECLARED_SELECTOR = YES;
				GCC_WARN_UNINITIALIZED_AUTOS = YES_AGGRESSIVE;
				GCC_WARN_UNUSED_FUNCTION = YES;
				GCC_WARN_UNUSED_VARIABLE = YES;
				MTL_ENABLE_DEBUG_INFO = NO;
				MTL_FAST_MATH = YES;
				SWIFT_COMPILATION_MODE = wholemodule;
				SWIFT_OPTIMIZATION_LEVEL = "-O";
			};
			name = Release;
		};
		BE1E56872A8E718B0095E568 /* Debug */ = {
			isa = XCBuildConfiguration;
			buildSettings = {
				ASSETCATALOG_COMPILER_APPICON_NAME = AppIcon;
				"ASSETCATALOG_COMPILER_APPICON_NAME[sdk=appletvos*]" = "App Icon & Top Shelf Image";
				ASSETCATALOG_COMPILER_GLOBAL_ACCENT_COLOR_NAME = AccentColor;
				CODE_SIGN_ENTITLEMENTS = "";
				"CODE_SIGN_ENTITLEMENTS[sdk=macosx*]" = JColors/JColors.entitlements;
				"CODE_SIGN_ENTITLEMENTS[sdk=iphone*]" = "JColors/JColors-iOS.entitlements";
				JCOLORS_APP_GROUP = group.org.gewill.JapaneseColors;
				"JCOLORS_APP_GROUP[sdk=macosx*]" = "$(DEVELOPMENT_TEAM).org.gewill.JapaneseColors";
				CODE_SIGN_STYLE = Automatic;
				CURRENT_PROJECT_VERSION = 1;
				DEVELOPMENT_ASSET_PATHS = "\"JColors/Preview Content\"";
				DEVELOPMENT_TEAM = RLK76T8Y89;
				ENABLE_HARDENED_RUNTIME = YES;
				ENABLE_PREVIEWS = YES;
				GENERATE_INFOPLIST_FILE = YES;
				INFOPLIST_FILE = JColors/Info.plist;
				INFOPLIST_KEY_LSApplicationCategoryType = "public.app-category.graphics-design";
				"INFOPLIST_KEY_UIApplicationSceneManifest_Generation[sdk=iphoneos*]" = YES;
				"INFOPLIST_KEY_UIApplicationSceneManifest_Generation[sdk=iphonesimulator*]" = YES;
				"INFOPLIST_KEY_UIApplicationSupportsIndirectInputEvents[sdk=iphoneos*]" = YES;
				"INFOPLIST_KEY_UIApplicationSupportsIndirectInputEvents[sdk=iphonesimulator*]" = YES;
				"INFOPLIST_KEY_UILaunchScreen_Generation[sdk=iphoneos*]" = YES;
				"INFOPLIST_KEY_UILaunchScreen_Generation[sdk=iphonesimulator*]" = YES;
				"INFOPLIST_KEY_UIStatusBarStyle[sdk=iphoneos*]" = UIStatusBarStyleDefault;
				"INFOPLIST_KEY_UIStatusBarStyle[sdk=iphonesimulator*]" = UIStatusBarStyleDefault;
				INFOPLIST_KEY_UISupportedInterfaceOrientations = UIInterfaceOrientationPortrait;
				INFOPLIST_KEY_UISupportedInterfaceOrientations_iPad = "UIInterfaceOrientationLandscapeLeft UIInterfaceOrientationLandscapeRight UIInterfaceOrientationPortrait UIInterfaceOrientationPortraitUpsideDown";
				IPHONEOS_DEPLOYMENT_TARGET = 16.0;
				LD_RUNPATH_SEARCH_PATHS = "@executable_path/Frameworks";
				"LD_RUNPATH_SEARCH_PATHS[sdk=macosx*]" = "@executable_path/../Frameworks";
				MACOSX_DEPLOYMENT_TARGET = 13.0;
				MARKETING_VERSION = 1.2.0;
				PRODUCT_BUNDLE_IDENTIFIER = org.gewill.JapaneseColors;
				PRODUCT_NAME = "$(TARGET_NAME)";
				SDKROOT = auto;
				SUPPORTED_PLATFORMS = "appletvos appletvsimulator iphoneos iphonesimulator macosx";
				SUPPORTS_MACCATALYST = NO;
				SUPPORTS_MAC_DESIGNED_FOR_IPHONE_IPAD = NO;
				SWIFT_EMIT_LOC_STRINGS = YES;
				SWIFT_VERSION = 5.0;
				TARGETED_DEVICE_FAMILY = "1,2,3";
				TVOS_DEPLOYMENT_TARGET = 16.0;
			};
			name = Debug;
		};
		BE1E56882A8E718B0095E568 /* Release */ = {
			isa = XCBuildConfiguration;
			buildSettings = {
				ASSETCATALOG_COMPILER_APPICON_NAME = AppIcon;
				"ASSETCATALOG_COMPILER_APPICON_NAME[sdk=appletvos*]" = "App Icon & Top Shelf Image";
				ASSETCATALOG_COMPILER_GLOBAL_ACCENT_COLOR_NAME = AccentColor;
				CODE_SIGN_ENTITLEMENTS = "";
				"CODE_SIGN_ENTITLEMENTS[sdk=macosx*]" = JColors/JColors.entitlements;
				"CODE_SIGN_ENTITLEMENTS[sdk=iphone*]" = "JColors/JColors-iOS.entitlements";
				JCOLORS_APP_GROUP = group.org.gewill.JapaneseColors;
				"JCOLORS_APP_GROUP[sdk=macosx*]" = "$(DEVELOPMENT_TEAM).org.gewill.JapaneseColors";
				CODE_SIGN_STYLE = Automatic;
				CURRENT_PROJECT_VERSION = 1;
				DEVELOPMENT_ASSET_PATHS = "\"JColors/Preview Content\"";
				DEVELOPMENT_TEAM = RLK76T8Y89;
				ENABLE_HARDENED_RUNTIME = YES;
				ENABLE_PREVIEWS = YES;
				GENERATE_INFOPLIST_FILE = YES;
				INFOPLIST_FILE = JColors/Info.plist;
				INFOPLIST_KEY_LSApplicationCategoryType = "public.app-category.graphics-design";
				"INFOPLIST_KEY_UIApplicationSceneManifest_Generation[sdk=iphoneos*]" = YES;
				"INFOPLIST_KEY_UIApplicationSceneManifest_Generation[sdk=iphonesimulator*]" = YES;
				"INFOPLIST_KEY_UIApplicationSupportsIndirectInputEvents[sdk=iphoneos*]" = YES;
				"INFOPLIST_KEY_UIApplicationSupportsIndirectInputEvents[sdk=iphonesimulator*]" = YES;
				"INFOPLIST_KEY_UILaunchScreen_Generation[sdk=iphoneos*]" = YES;
				"INFOPLIST_KEY_UILaunchScreen_Generation[sdk=iphonesimulator*]" = YES;
				"INFOPLIST_KEY_UIStatusBarStyle[sdk=iphoneos*]" = UIStatusBarStyleDefault;
				"INFOPLIST_KEY_UIStatusBarStyle[sdk=iphonesimulator*]" = UIStatusBarStyleDefault;
				INFOPLIST_KEY_UISupportedInterfaceOrientations = UIInterfaceOrientationPortrait;
				INFOPLIST_KEY_UISupportedInterfaceOrientations_iPad = "UIInterfaceOrientationLandscapeLeft UIInterfaceOrientationLandscapeRight UIInterfaceOrientationPortrait UIInterfaceOrientationPortraitUpsideDown";
				IPHONEOS_DEPLOYMENT_TARGET = 16.0;
				LD_RUNPATH_SEARCH_PATHS = "@executable_path/Frameworks";
				"LD_RUNPATH_SEARCH_PATHS[sdk=macosx*]" = "@executable_path/../Frameworks";
				MACOSX_DEPLOYMENT_TARGET = 13.0;
				MARKETING_VERSION = 1.2.0;
				PRODUCT_BUNDLE_IDENTIFIER = org.gewill.JapaneseColors;
				PRODUCT_NAME = "$(TARGET_NAME)";
				SDKROOT = auto;
				SUPPORTED_PLATFORMS = "appletvos appletvsimulator iphoneos iphonesimulator macosx";
				SUPPORTS_MACCATALYST = NO;
				SUPPORTS_MAC_DESIGNED_FOR_IPHONE_IPAD = NO;
				SWIFT_EMIT_LOC_STRINGS = YES;
				SWIFT_VERSION = 5.0;
				TARGETED_DEVICE_FAMILY = "1,2,3";
				TVOS_DEPLOYMENT_TARGET = 16.0;
			};
			name = Release;
		};
		C00E8BBD76BE83A18928222E /* Debug */ = {
			isa = XCBuildConfiguration;
			buildSettings = {
				APPLICATION_EXTENSION_API_ONLY = YES;
				CODE_SIGN_ENTITLEMENTS = JColorsWidgets/JColorsWidgets-iOS.entitlements;
				CODE_SIGN_STYLE = Automatic;
				CURRENT_PROJECT_VERSION = 1;
				DEVELOPMENT_TEAM = RLK76T8Y89;
				ENABLE_HARDENED_RUNTIME = YES;
				GENERATE_INFOPLIST_FILE = YES;
				INFOPLIST_FILE = JColorsWidgets/Info.plist;
				INFOPLIST_KEY_CFBundleDisplayName = "每日一色";
				JCOLORS_APP_GROUP = group.org.gewill.JapaneseColors;
				MARKETING_VERSION = 1.2.0;
				PRODUCT_BUNDLE_IDENTIFIER = org.gewill.JapaneseColors.WidgetsiOS;
				PRODUCT_NAME = "$(TARGET_NAME)";
				SKIP_INSTALL = YES;
				SWIFT_VERSION = 5.0;
				SWIFT_EMIT_LOC_STRINGS = YES;
				SWIFT_ACTIVE_COMPILATION_CONDITIONS = "$(inherited) WIDGET_EXTENSION";
				SDKROOT = iphoneos;
				SUPPORTED_PLATFORMS = "iphoneos iphonesimulator";
				LD_RUNPATH_SEARCH_PATHS = "$(inherited) @executable_path/Frameworks @executable_path/../../Frameworks";
				IPHONEOS_DEPLOYMENT_TARGET = 16.0;
				TARGETED_DEVICE_FAMILY = "1,2";
				SUPPORTS_MACCATALYST = NO;
			};
			name = Debug;
		};
		70E7087371EA6E41CA70500A /* Release */ = {
			isa = XCBuildConfiguration;
			buildSettings = {
				APPLICATION_EXTENSION_API_ONLY = YES;
				CODE_SIGN_ENTITLEMENTS = JColorsWidgets/JColorsWidgets-iOS.entitlements;
				CODE_SIGN_STYLE = Automatic;
				CURRENT_PROJECT_VERSION = 1;
				DEVELOPMENT_TEAM = RLK76T8Y89;
				ENABLE_HARDENED_RUNTIME = YES;
				GENERATE_INFOPLIST_FILE = YES;
				INFOPLIST_FILE = JColorsWidgets/Info.plist;
				INFOPLIST_KEY_CFBundleDisplayName = "每日一色";
				JCOLORS_APP_GROUP = group.org.gewill.JapaneseColors;
				MARKETING_VERSION = 1.2.0;
				PRODUCT_BUNDLE_IDENTIFIER = org.gewill.JapaneseColors.WidgetsiOS;
				PRODUCT_NAME = "$(TARGET_NAME)";
				SKIP_INSTALL = YES;
				SWIFT_VERSION = 5.0;
				SWIFT_EMIT_LOC_STRINGS = YES;
				SWIFT_ACTIVE_COMPILATION_CONDITIONS = "$(inherited) WIDGET_EXTENSION";
				SDKROOT = iphoneos;
				SUPPORTED_PLATFORMS = "iphoneos iphonesimulator";
				LD_RUNPATH_SEARCH_PATHS = "$(inherited) @executable_path/Frameworks @executable_path/../../Frameworks";
				IPHONEOS_DEPLOYMENT_TARGET = 16.0;
				TARGETED_DEVICE_FAMILY = "1,2";
				SUPPORTS_MACCATALYST = NO;
			};
			name = Release;
		};
		948081426428FBA538A4A719 /* Debug */ = {
			isa = XCBuildConfiguration;
			buildSettings = {
				APPLICATION_EXTENSION_API_ONLY = YES;
				CODE_SIGN_ENTITLEMENTS = JColorsWidgets/JColorsWidgets-macOS.entitlements;
				CODE_SIGN_STYLE = Automatic;
				CURRENT_PROJECT_VERSION = 1;
				DEVELOPMENT_TEAM = RLK76T8Y89;
				ENABLE_HARDENED_RUNTIME = YES;
				GENERATE_INFOPLIST_FILE = YES;
				INFOPLIST_FILE = JColorsWidgets/Info.plist;
				INFOPLIST_KEY_CFBundleDisplayName = "每日一色";
				JCOLORS_APP_GROUP = "$(DEVELOPMENT_TEAM).org.gewill.JapaneseColors";
				MARKETING_VERSION = 1.2.0;
				PRODUCT_BUNDLE_IDENTIFIER = org.gewill.JapaneseColors.WidgetsmacOS;
				PRODUCT_NAME = "$(TARGET_NAME)";
				SKIP_INSTALL = YES;
				SWIFT_VERSION = 5.0;
				SWIFT_EMIT_LOC_STRINGS = YES;
				SWIFT_ACTIVE_COMPILATION_CONDITIONS = "$(inherited) WIDGET_EXTENSION";
				SDKROOT = macosx;
				SUPPORTED_PLATFORMS = macosx;
				LD_RUNPATH_SEARCH_PATHS = "$(inherited) @executable_path/../Frameworks @executable_path/../../../../Frameworks";
				MACOSX_DEPLOYMENT_TARGET = 13.0;
			};
			name = Debug;
		};
		9FEB7AB9CAC4AD333E9678C4 /* Release */ = {
			isa = XCBuildConfiguration;
			buildSettings = {
				APPLICATION_EXTENSION_API_ONLY = YES;
				CODE_SIGN_ENTITLEMENTS = JColorsWidgets/JColorsWidgets-macOS.entitlements;
				CODE_SIGN_STYLE = Automatic;
				CURRENT_PROJECT_VERSION = 1;
				DEVELOPMENT_TEAM = RLK76T8Y89;
				ENABLE_HARDENED_RUNTIME = YES;
				GENERATE_INFOPLIST_FILE = YES;
				INFOPLIST_FILE = JColorsWidgets/Info.plist;
				INFOPLIST_KEY_CFBundleDisplayName = "每日一色";
				JCOLORS_APP_GROUP = "$(DEVELOPMENT_TEAM).org.gewill.JapaneseColors";
				MARKETING_VERSION = 1.2.0;
				PRODUCT_BUNDLE_IDENTIFIER = org.gewill.JapaneseColors.WidgetsmacOS;
				PRODUCT_NAME = "$(TARGET_NAME)";
				SKIP_INSTALL = YES;
				SWIFT_VERSION = 5.0;
				SWIFT_EMIT_LOC_STRINGS = YES;
				SWIFT_ACTIVE_COMPILATION_CONDITIONS = "$(inherited) WIDGET_EXTENSION";
				SDKROOT = macosx;
				SUPPORTED_PLATFORMS = macosx;
				LD_RUNPATH_SEARCH_PATHS = "$(inherited) @executable_path/../Frameworks @executable_path/../../../../Frameworks";
				MACOSX_DEPLOYMENT_TARGET = 13.0;
			};
			name = Release;
		};
/* End XCBuildConfiguration section */

/* Begin XCConfigurationList section */
		BE1E56722A8E718A0095E568 /* Build configuration list for PBXProject "JColors" */ = {
			isa = XCConfigurationList;
			buildConfigurations = (
				BE1E56842A8E718B0095E568 /* Debug */,
				BE1E56852A8E718B0095E568 /* Release */,
			);
			defaultConfigurationIsVisible = 0;
			defaultConfigurationName = Release;
		};
		BE1E56862A8E718B0095E568 /* Build configuration list for PBXNativeTarget "JColors" */ = {
			isa = XCConfigurationList;
			buildConfigurations = (
				BE1E56872A8E718B0095E568 /* Debug */,
				BE1E56882A8E718B0095E568 /* Release */,
			);
			defaultConfigurationIsVisible = 0;
			defaultConfigurationName = Release;
		};
		E10E2794812011102ED4B08D /* JColorsWidgetsiOS */ = {
			isa = XCConfigurationList;
			buildConfigurations = (C00E8BBD76BE83A18928222E /* Debug */, 70E7087371EA6E41CA70500A /* Release */,);
			defaultConfigurationIsVisible = 0;
			defaultConfigurationName = Release;
		};
		125E6E6E3D5D3DFD3E6031A5 /* JColorsWidgetsmacOS */ = {
			isa = XCConfigurationList;
			buildConfigurations = (948081426428FBA538A4A719 /* Debug */, 9FEB7AB9CAC4AD333E9678C4 /* Release */,);
			defaultConfigurationIsVisible = 0;
			defaultConfigurationName = Release;
		};
/* End XCConfigurationList section */

/* Begin XCRemoteSwiftPackageReference section */
		BE781CB82CA1A9E60022C4B8 /* XCRemoteSwiftPackageReference "purchases-ios-spm" */ = {
			isa = XCRemoteSwiftPackageReference;
			repositoryURL = "https://github.com/RevenueCat/purchases-ios-spm.git";
			requirement = {
				kind = upToNextMajorVersion;
				minimumVersion = 5.3.4;
			};
		};
		BE781CBB2CA1AE5F0022C4B8 /* XCRemoteSwiftPackageReference "ColorfulX" */ = {
			isa = XCRemoteSwiftPackageReference;
			repositoryURL = "https://github.com/Lakr233/ColorfulX";
			requirement = {
				kind = upToNextMajorVersion;
				minimumVersion = 5.5.1;
			};
		};
		BEEE07472A93261000354879 /* XCRemoteSwiftPackageReference "SwiftUIOverlayContainer" */ = {
			isa = XCRemoteSwiftPackageReference;
			repositoryURL = "https://github.com/fatbobman/SwiftUIOverlayContainer.git";
			requirement = {
				kind = upToNextMajorVersion;
				minimumVersion = 2.0.0;
			};
		};
/* End XCRemoteSwiftPackageReference section */

/* Begin XCSwiftPackageProductDependency section */
		BE781CB92CA1A9E60022C4B8 /* RevenueCat */ = {
			isa = XCSwiftPackageProductDependency;
			package = BE781CB82CA1A9E60022C4B8 /* XCRemoteSwiftPackageReference "purchases-ios-spm" */;
			productName = RevenueCat;
		};
		BE781CBC2CA1AE5F0022C4B8 /* ColorfulX */ = {
			isa = XCSwiftPackageProductDependency;
			package = BE781CBB2CA1AE5F0022C4B8 /* XCRemoteSwiftPackageReference "ColorfulX" */;
			productName = ColorfulX;
		};
		BEEE07482A93261000354879 /* SwiftUIOverlayContainer */ = {
			isa = XCSwiftPackageProductDependency;
			package = BEEE07472A93261000354879 /* XCRemoteSwiftPackageReference "SwiftUIOverlayContainer" */;
			productName = SwiftUIOverlayContainer;
		};
/* End XCSwiftPackageProductDependency section */
	};
	rootObject = BE1E566F2A8E718A0095E568 /* Project object */;
}
